
Microsoft Visual Studio Solution File, Format Version 12.00
# Visual Studio 15
VisualStudioVersion = 15.0.28307.329
MinimumVisualStudioVersion = 10.0.40219.1
Project("{2150E333-8FDC-42A3-9474-1A3956D46DE8}") = "FreeImage", "FreeImage", "{EC6B0DAA-5DE3-4FA0-9EB7-6137A46F08B7}"
EndProject
Project("{8BC9CEB8-8B4A-11D0-8D11-00A0C91BC942}") = "ZLib", "components\FreeImage\Source\ZLib\ZLib.2008.vcxproj", "{33134F61-C1AD-4B6F-9CEA-503A9F140C52}"
EndProject
Project("{8BC9CEB8-8B4A-11D0-8D11-00A0C91BC942}") = "OpenEXR", "components\FreeImage\Source\OpenEXR\OpenEXR.vcxproj", "{17A4874B-0606-4687-90B6-F91F8CB3B8AF}"
EndProject
Project("{8BC9CEB8-8B4A-11D0-8D11-00A0C91BC942}") = "LibWebP", "components\FreeImage\Source\LibWebP\LibWebP.2008.vcxproj", "{097D9F6C-FD0E-4CBC-9676-009012AAECA8}"
EndProject
Project("{8BC9CEB8-8B4A-11D0-8D11-00A0C91BC942}") = "LibTIFF4", "components\FreeImage\Source\LibTIFF4\LibTIFF4.2008.vcxproj", "{EC085CBD-E9C3-477F-9A97-CB9D5DA30E27}"
EndProject
Project("{8BC9CEB8-8B4A-11D0-8D11-00A0C91BC942}") = "LibRaw", "components\FreeImage\Source\LibRawLite\LibRawLite.2008.vcxproj", "{07F662C1-1323-42AB-B6AF-FBFD34A7437A}"
EndProject
Project("{8BC9CEB8-8B4A-11D0-8D11-00A0C91BC942}") = "LibPNG", "components\FreeImage\Source\LibPNG\LibPNG.2008.vcxproj", "{7DB10B50-CE00-4D7A-B322-6824F05D2FCB}"
EndProject
Project("{8BC9CEB8-8B4A-11D0-8D11-00A0C91BC942}") = "LibOpenJPEG", "components\FreeImage\Source\LibOpenJPEG\LibOpenJPEG.2010.vcxproj", "{E3536C28-A7F1-4B53-8E52-7D2232F9E098}"
EndProject
Project("{8BC9CEB8-8B4A-11D0-8D11-00A0C91BC942}") = "LibJXR", "components\FreeImage\Source\LibJXR\LibJXR.2008.vcxproj", "{244455E0-5F25-4451-9540-F317883E52A8}"
EndProject
Project("{8BC9CEB8-8B4A-11D0-8D11-00A0C91BC942}") = "LibJPEG", "components\FreeImage\Source\LibJPEG\LibJPEG.2008.vcxproj", "{5E1D4E5F-E10C-4BA3-B663-F33014FD21D9}"
EndProject
Project("{8BC9CEB8-8B4A-11D0-8D11-00A0C91BC942}") = "FreeImage", "components\FreeImage\FreeImage.vcxproj", "{B39ED2B3-D53A-4077-B957-930979A3577D}"
	ProjectSection(ProjectDependencies) = postProject
		{E3536C28-A7F1-4B53-8E52-7D2232F9E098} = {E3536C28-A7F1-4B53-8E52-7D2232F9E098}
		{17A4874B-0606-4687-90B6-F91F8CB3B8AF} = {17A4874B-0606-4687-90B6-F91F8CB3B8AF}
		{7DB10B50-CE00-4D7A-B322-6824F05D2FCB} = {7DB10B50-CE00-4D7A-B322-6824F05D2FCB}
		{5E1D4E5F-E10C-4BA3-B663-F33014FD21D9} = {5E1D4E5F-E10C-4BA3-B663-F33014FD21D9}
		{33134F61-C1AD-4B6F-9CEA-503A9F140C52} = {33134F61-C1AD-4B6F-9CEA-503A9F140C52}
		{097D9F6C-FD0E-4CBC-9676-009012AAECA8} = {097D9F6C-FD0E-4CBC-9676-009012AAECA8}
		{EC085CBD-E9C3-477F-9A97-CB9D5DA30E27} = {EC085CBD-E9C3-477F-9A97-CB9D5DA30E27}
		{07F662C1-1323-42AB-B6AF-FBFD34A7437A} = {07F662C1-1323-42AB-B6AF-FBFD34A7437A}
		{244455E0-5F25-4451-9540-F317883E52A8} = {244455E0-5F25-4451-9540-F317883E52A8}
	EndProjectSection
EndProject
Project("{2150E333-8FDC-42A3-9474-1A3956D46DE8}") = "NVTT", "NVTT", "{09C591BE-ACD8-49FC-9A65-E653FC191E18}"
EndProject
Project("{8BC9CEB8-8B4A-11D0-8D11-00A0C91BC942}") = "squish", "components\nvtt\project\vc12\squish\squish.vcxproj", "{CE017322-01FC-4851-9C8B-64E9A8E26C38}"
EndProject
Project("{8BC9CEB8-8B4A-11D0-8D11-00A0C91BC942}") = "nvtt", "components\nvtt\project\vc12\nvtt\nvtt.vcxproj", "{1AEB7681-57D8-48EE-813D-5C41CC38B647}"
EndProject
Project("{8BC9CEB8-8B4A-11D0-8D11-00A0C91BC942}") = "nvthread", "components\nvtt\project\vc12\nvthread\nvthread.vcxproj", "{4CFD4876-A026-46C2-AFCF-FB11346E815D}"
EndProject
Project("{8BC9CEB8-8B4A-11D0-8D11-00A0C91BC942}") = "nvmath", "components\nvtt\project\vc12\nvmath\nvmath.vcxproj", "{50C465FE-B308-42BC-894D-89484482AF06}"
EndProject
Project("{8BC9CEB8-8B4A-11D0-8D11-00A0C91BC942}") = "nvimage", "components\nvtt\project\vc12\nvimage\nvimage.vcxproj", "{4046F392-A18B-4C66-9639-3EABFFF5D531}"
EndProject
Project("{8BC9CEB8-8B4A-11D0-8D11-00A0C91BC942}") = "nvcore", "components\nvtt\project\vc12\nvcore\nvcore.vcxproj", "{F143D180-D4C4-4037-B3DE-BE89A21C8D1D}"
EndProject
Project("{8BC9CEB8-8B4A-11D0-8D11-00A0C91BC942}") = "bc7", "components\nvtt\project\vc12\bc7\bc7.vcxproj", "{F974F34B-AF02-4C88-8E1E-85475094EA78}"
EndProject
Project("{8BC9CEB8-8B4A-11D0-8D11-00A0C91BC942}") = "bc6h", "components\nvtt\project\vc12\bc6h\bc6h.vcxproj", "{C33787E3-5564-4834-9FE3-A9020455A669}"
EndProject
Project("{8BC9CEB8-8B4A-11D0-8D11-00A0C91BC942}") = "libeax", "components\eax\eax.vs2013.vcxproj", "{BE4B091F-B59B-4C98-88B5-CD15A1E6CBAB}"
EndProject
Project("{8BC9CEB8-8B4A-11D0-8D11-00A0C91BC942}") = "libcurl_static", "components\libcurl\projects\Windows\VC15\lib\libcurl.vcxproj", "{DA6F56B4-06A4-441D-AD70-AC5A7D51FADB}"
EndProject
Project("{8BC9CEB8-8B4A-11D0-8D11-00A0C91BC942}") = "libogg_static", "components\libogg\win32\VS2010\libogg_static.vcxproj", "{15CBFEFF-7965-41F5-B4E2-21E8795C9159}"
EndProject
Project("{8BC9CEB8-8B4A-11D0-8D11-00A0C91BC942}") = "libtheora_static", "components\libtheora\win32\VS2010\libtheora_static.vcxproj", "{653F3841-3F26-49B9-AFCF-091DB4B67031}"
EndProject
Project("{8BC9CEB8-8B4A-11D0-8D11-00A0C91BC942}") = "libvorbis_static", "components\libvorbis\win32\VS2010\libvorbis\libvorbis_static.vcxproj", "{3A214E06-B95E-4D61-A291-1F8DF2EC10FD}"
EndProject
Project("{8BC9CEB8-8B4A-11D0-8D11-00A0C91BC942}") = "libvorbisfile_static", "components\libvorbis\win32\VS2010\libvorbisfile\libvorbisfile_static.vcxproj", "{CEBDE98B-A6AA-46E6-BC79-FAAF823DB9EC}"
EndProject
Project("{8BC9CEB8-8B4A-11D0-8D11-00A0C91BC942}") = "MagicFM", "components\MagicFm\Source\MagicFMDLL.vcxproj", "{08F2A75F-9374-4112-89A5-334F9D9F0332}"
EndProject
Project("{8BC9CEB8-8B4A-11D0-8D11-00A0C91BC942}") = "ode", "components\ODE\contrib\msvc7\ode_default\default.vcxproj", "{1BF75FEB-87DD-486C-880B-227987D191C2}"
EndProject
Project("{8BC9CEB8-8B4A-11D0-8D11-00A0C91BC942}") = "openal32", "components\OpenAL\OpenAL-Windows\Router\Router.vcxproj", "{566551F4-4EF1-4CB4-A131-F982E7606907}"
EndProject
Project("{8BC9CEB8-8B4A-11D0-8D11-00A0C91BC942}") = "libnvtt_static", "components\nvtt_static\project\nvtt_static.vcxproj", "{938E23B7-2436-4ECC-B960-6894655447F1}"
EndProject
Project("{2150E333-8FDC-42A3-9474-1A3956D46DE8}") = "Lib", "Lib", "{F3AD98BB-1FCA-4BDB-AA46-BA50FDAABCB2}"
EndProject
Project("{2150E333-8FDC-42A3-9474-1A3956D46DE8}") = "other", "other", "{CB92E7EA-33DA-402E-9963-B3E1101136E1}"
EndProject
Global
	GlobalSection(SolutionConfigurationPlatforms) = preSolution
		Debug|x64 = Debug|x64
		Debug|x86 = Debug|x86
		Release|x64 = Release|x64
		Release|x86 = Release|x86
	EndGlobalSection
	GlobalSection(ProjectConfigurationPlatforms) = postSolution
		{33134F61-C1AD-4B6F-9CEA-503A9F140C52}.Debug|x64.ActiveCfg = Debug|x64
		{33134F61-C1AD-4B6F-9CEA-503A9F140C52}.Debug|x64.Build.0 = Debug|x64
		{33134F61-C1AD-4B6F-9CEA-503A9F140C52}.Debug|x86.ActiveCfg = Debug|Win32
		{33134F61-C1AD-4B6F-9CEA-503A9F140C52}.Debug|x86.Build.0 = Debug|Win32
		{33134F61-C1AD-4B6F-9CEA-503A9F140C52}.Release|x64.ActiveCfg = Release|x64
		{33134F61-C1AD-4B6F-9CEA-503A9F140C52}.Release|x64.Build.0 = Release|x64
		{33134F61-C1AD-4B6F-9CEA-503A9F140C52}.Release|x86.ActiveCfg = Release|Win32
		{33134F61-C1AD-4B6F-9CEA-503A9F140C52}.Release|x86.Build.0 = Release|Win32
		{17A4874B-0606-4687-90B6-F91F8CB3B8AF}.Debug|x64.ActiveCfg = Debug|x64
		{17A4874B-0606-4687-90B6-F91F8CB3B8AF}.Debug|x64.Build.0 = Debug|x64
		{17A4874B-0606-4687-90B6-F91F8CB3B8AF}.Debug|x86.ActiveCfg = Debug|Win32
		{17A4874B-0606-4687-90B6-F91F8CB3B8AF}.Debug|x86.Build.0 = Debug|Win32
		{17A4874B-0606-4687-90B6-F91F8CB3B8AF}.Release|x64.ActiveCfg = Release|x64
		{17A4874B-0606-4687-90B6-F91F8CB3B8AF}.Release|x64.Build.0 = Release|x64
		{17A4874B-0606-4687-90B6-F91F8CB3B8AF}.Release|x86.ActiveCfg = Release|Win32
		{17A4874B-0606-4687-90B6-F91F8CB3B8AF}.Release|x86.Build.0 = Release|Win32
		{097D9F6C-FD0E-4CBC-9676-009012AAECA8}.Debug|x64.ActiveCfg = Debug|x64
		{097D9F6C-FD0E-4CBC-9676-009012AAECA8}.Debug|x64.Build.0 = Debug|x64
		{097D9F6C-FD0E-4CBC-9676-009012AAECA8}.Debug|x86.ActiveCfg = Debug|Win32
		{097D9F6C-FD0E-4CBC-9676-009012AAECA8}.Debug|x86.Build.0 = Debug|Win32
		{097D9F6C-FD0E-4CBC-9676-009012AAECA8}.Release|x64.ActiveCfg = Release|x64
		{097D9F6C-FD0E-4CBC-9676-009012AAECA8}.Release|x64.Build.0 = Release|x64
		{097D9F6C-FD0E-4CBC-9676-009012AAECA8}.Release|x86.ActiveCfg = Release|Win32
		{097D9F6C-FD0E-4CBC-9676-009012AAECA8}.Release|x86.Build.0 = Release|Win32
		{EC085CBD-E9C3-477F-9A97-CB9D5DA30E27}.Debug|x64.ActiveCfg = Debug|x64
		{EC085CBD-E9C3-477F-9A97-CB9D5DA30E27}.Debug|x64.Build.0 = Debug|x64
		{EC085CBD-E9C3-477F-9A97-CB9D5DA30E27}.Debug|x86.ActiveCfg = Debug|Win32
		{EC085CBD-E9C3-477F-9A97-CB9D5DA30E27}.Debug|x86.Build.0 = Debug|Win32
		{EC085CBD-E9C3-477F-9A97-CB9D5DA30E27}.Release|x64.ActiveCfg = Release|x64
		{EC085CBD-E9C3-477F-9A97-CB9D5DA30E27}.Release|x64.Build.0 = Release|x64
		{EC085CBD-E9C3-477F-9A97-CB9D5DA30E27}.Release|x86.ActiveCfg = Release|Win32
		{EC085CBD-E9C3-477F-9A97-CB9D5DA30E27}.Release|x86.Build.0 = Release|Win32
		{07F662C1-1323-42AB-B6AF-FBFD34A7437A}.Debug|x64.ActiveCfg = Debug|x64
		{07F662C1-1323-42AB-B6AF-FBFD34A7437A}.Debug|x64.Build.0 = Debug|x64
		{07F662C1-1323-42AB-B6AF-FBFD34A7437A}.Debug|x86.ActiveCfg = Debug|Win32
		{07F662C1-1323-42AB-B6AF-FBFD34A7437A}.Debug|x86.Build.0 = Debug|Win32
		{07F662C1-1323-42AB-B6AF-FBFD34A7437A}.Release|x64.ActiveCfg = Release|x64
		{07F662C1-1323-42AB-B6AF-FBFD34A7437A}.Release|x64.Build.0 = Release|x64
		{07F662C1-1323-42AB-B6AF-FBFD34A7437A}.Release|x86.ActiveCfg = Release|Win32
		{07F662C1-1323-42AB-B6AF-FBFD34A7437A}.Release|x86.Build.0 = Release|Win32
		{7DB10B50-CE00-4D7A-B322-6824F05D2FCB}.Debug|x64.ActiveCfg = Debug|x64
		{7DB10B50-CE00-4D7A-B322-6824F05D2FCB}.Debug|x64.Build.0 = Debug|x64
		{7DB10B50-CE00-4D7A-B322-6824F05D2FCB}.Debug|x86.ActiveCfg = Debug|Win32
		{7DB10B50-CE00-4D7A-B322-6824F05D2FCB}.Debug|x86.Build.0 = Debug|Win32
		{7DB10B50-CE00-4D7A-B322-6824F05D2FCB}.Release|x64.ActiveCfg = Release|x64
		{7DB10B50-CE00-4D7A-B322-6824F05D2FCB}.Release|x64.Build.0 = Release|x64
		{7DB10B50-CE00-4D7A-B322-6824F05D2FCB}.Release|x86.ActiveCfg = Release|Win32
		{7DB10B50-CE00-4D7A-B322-6824F05D2FCB}.Release|x86.Build.0 = Release|Win32
		{E3536C28-A7F1-4B53-8E52-7D2232F9E098}.Debug|x64.ActiveCfg = Debug|x64
		{E3536C28-A7F1-4B53-8E52-7D2232F9E098}.Debug|x64.Build.0 = Debug|x64
		{E3536C28-A7F1-4B53-8E52-7D2232F9E098}.Debug|x86.ActiveCfg = Debug|Win32
		{E3536C28-A7F1-4B53-8E52-7D2232F9E098}.Debug|x86.Build.0 = Debug|Win32
		{E3536C28-A7F1-4B53-8E52-7D2232F9E098}.Release|x64.ActiveCfg = Release|x64
		{E3536C28-A7F1-4B53-8E52-7D2232F9E098}.Release|x64.Build.0 = Release|x64
		{E3536C28-A7F1-4B53-8E52-7D2232F9E098}.Release|x86.ActiveCfg = Release|Win32
		{E3536C28-A7F1-4B53-8E52-7D2232F9E098}.Release|x86.Build.0 = Release|Win32
		{244455E0-5F25-4451-9540-F317883E52A8}.Debug|x64.ActiveCfg = Debug|x64
		{244455E0-5F25-4451-9540-F317883E52A8}.Debug|x64.Build.0 = Debug|x64
		{244455E0-5F25-4451-9540-F317883E52A8}.Debug|x86.ActiveCfg = Debug|Win32
		{244455E0-5F25-4451-9540-F317883E52A8}.Debug|x86.Build.0 = Debug|Win32
		{244455E0-5F25-4451-9540-F317883E52A8}.Release|x64.ActiveCfg = Release|x64
		{244455E0-5F25-4451-9540-F317883E52A8}.Release|x64.Build.0 = Release|x64
		{244455E0-5F25-4451-9540-F317883E52A8}.Release|x86.ActiveCfg = Release|Win32
		{244455E0-5F25-4451-9540-F317883E52A8}.Release|x86.Build.0 = Release|Win32
		{5E1D4E5F-E10C-4BA3-B663-F33014FD21D9}.Debug|x64.ActiveCfg = Debug|x64
		{5E1D4E5F-E10C-4BA3-B663-F33014FD21D9}.Debug|x64.Build.0 = Debug|x64
		{5E1D4E5F-E10C-4BA3-B663-F33014FD21D9}.Debug|x86.ActiveCfg = Debug|Win32
		{5E1D4E5F-E10C-4BA3-B663-F33014FD21D9}.Debug|x86.Build.0 = Debug|Win32
		{5E1D4E5F-E10C-4BA3-B663-F33014FD21D9}.Release|x64.ActiveCfg = Release|x64
		{5E1D4E5F-E10C-4BA3-B663-F33014FD21D9}.Release|x64.Build.0 = Release|x64
		{5E1D4E5F-E10C-4BA3-B663-F33014FD21D9}.Release|x86.ActiveCfg = Release|Win32
		{5E1D4E5F-E10C-4BA3-B663-F33014FD21D9}.Release|x86.Build.0 = Release|Win32
		{B39ED2B3-D53A-4077-B957-930979A3577D}.Debug|x64.ActiveCfg = Debug|x64
		{B39ED2B3-D53A-4077-B957-930979A3577D}.Debug|x64.Build.0 = Debug|x64
		{B39ED2B3-D53A-4077-B957-930979A3577D}.Debug|x86.ActiveCfg = Debug|Win32
		{B39ED2B3-D53A-4077-B957-930979A3577D}.Debug|x86.Build.0 = Debug|Win32
		{B39ED2B3-D53A-4077-B957-930979A3577D}.Release|x64.ActiveCfg = Release|x64
		{B39ED2B3-D53A-4077-B957-930979A3577D}.Release|x64.Build.0 = Release|x64
		{B39ED2B3-D53A-4077-B957-930979A3577D}.Release|x86.ActiveCfg = Release|Win32
		{B39ED2B3-D53A-4077-B957-930979A3577D}.Release|x86.Build.0 = Release|Win32
		{CE017322-01FC-4851-9C8B-64E9A8E26C38}.Debug|x64.ActiveCfg = Debug|x64
		{CE017322-01FC-4851-9C8B-64E9A8E26C38}.Debug|x64.Build.0 = Debug|x64
		{CE017322-01FC-4851-9C8B-64E9A8E26C38}.Debug|x86.ActiveCfg = Debug|Win32
		{CE017322-01FC-4851-9C8B-64E9A8E26C38}.Debug|x86.Build.0 = Debug|Win32
		{CE017322-01FC-4851-9C8B-64E9A8E26C38}.Release|x64.ActiveCfg = Release|x64
		{CE017322-01FC-4851-9C8B-64E9A8E26C38}.Release|x64.Build.0 = Release|x64
		{CE017322-01FC-4851-9C8B-64E9A8E26C38}.Release|x86.ActiveCfg = Release|Win32
		{CE017322-01FC-4851-9C8B-64E9A8E26C38}.Release|x86.Build.0 = Release|Win32
		{1AEB7681-57D8-48EE-813D-5C41CC38B647}.Debug|x64.ActiveCfg = Debug|x64
		{1AEB7681-57D8-48EE-813D-5C41CC38B647}.Debug|x64.Build.0 = Debug|x64
		{1AEB7681-57D8-48EE-813D-5C41CC38B647}.Debug|x86.ActiveCfg = Debug|Win32
		{1AEB7681-57D8-48EE-813D-5C41CC38B647}.Debug|x86.Build.0 = Debug|Win32
		{1AEB7681-57D8-48EE-813D-5C41CC38B647}.Release|x64.ActiveCfg = Release|x64
		{1AEB7681-57D8-48EE-813D-5C41CC38B647}.Release|x64.Build.0 = Release|x64
		{1AEB7681-57D8-48EE-813D-5C41CC38B647}.Release|x86.ActiveCfg = Release|Win32
		{1AEB7681-57D8-48EE-813D-5C41CC38B647}.Release|x86.Build.0 = Release|Win32
		{4CFD4876-A026-46C2-AFCF-FB11346E815D}.Debug|x64.ActiveCfg = Debug|x64
		{4CFD4876-A026-46C2-AFCF-FB11346E815D}.Debug|x64.Build.0 = Debug|x64
		{4CFD4876-A026-46C2-AFCF-FB11346E815D}.Debug|x86.ActiveCfg = Debug|Win32
		{4CFD4876-A026-46C2-AFCF-FB11346E815D}.Debug|x86.Build.0 = Debug|Win32
		{4CFD4876-A026-46C2-AFCF-FB11346E815D}.Release|x64.ActiveCfg = Release|x64
		{4CFD4876-A026-46C2-AFCF-FB11346E815D}.Release|x64.Build.0 = Release|x64
		{4CFD4876-A026-46C2-AFCF-FB11346E815D}.Release|x86.ActiveCfg = Release|Win32
		{4CFD4876-A026-46C2-AFCF-FB11346E815D}.Release|x86.Build.0 = Release|Win32
		{50C465FE-B308-42BC-894D-89484482AF06}.Debug|x64.ActiveCfg = Debug|x64
		{50C465FE-B308-42BC-894D-89484482AF06}.Debug|x64.Build.0 = Debug|x64
		{50C465FE-B308-42BC-894D-89484482AF06}.Debug|x86.ActiveCfg = Debug|Win32
		{50C465FE-B308-42BC-894D-89484482AF06}.Debug|x86.Build.0 = Debug|Win32
		{50C465FE-B308-42BC-894D-89484482AF06}.Release|x64.ActiveCfg = Release|x64
		{50C465FE-B308-42BC-894D-89484482AF06}.Release|x64.Build.0 = Release|x64
		{50C465FE-B308-42BC-894D-89484482AF06}.Release|x86.ActiveCfg = Release|Win32
		{50C465FE-B308-42BC-894D-89484482AF06}.Release|x86.Build.0 = Release|Win32
		{4046F392-A18B-4C66-9639-3EABFFF5D531}.Debug|x64.ActiveCfg = Debug|x64
		{4046F392-A18B-4C66-9639-3EABFFF5D531}.Debug|x64.Build.0 = Debug|x64
		{4046F392-A18B-4C66-9639-3EABFFF5D531}.Debug|x86.ActiveCfg = Debug|Win32
		{4046F392-A18B-4C66-9639-3EABFFF5D531}.Debug|x86.Build.0 = Debug|Win32
		{4046F392-A18B-4C66-9639-3EABFFF5D531}.Release|x64.ActiveCfg = Release|x64
		{4046F392-A18B-4C66-9639-3EABFFF5D531}.Release|x64.Build.0 = Release|x64
		{4046F392-A18B-4C66-9639-3EABFFF5D531}.Release|x86.ActiveCfg = Release|Win32
		{4046F392-A18B-4C66-9639-3EABFFF5D531}.Release|x86.Build.0 = Release|Win32
		{F143D180-D4C4-4037-B3DE-BE89A21C8D1D}.Debug|x64.ActiveCfg = Debug|x64
		{F143D180-D4C4-4037-B3DE-BE89A21C8D1D}.Debug|x64.Build.0 = Debug|x64
		{F143D180-D4C4-4037-B3DE-BE89A21C8D1D}.Debug|x86.ActiveCfg = Debug|Win32
		{F143D180-D4C4-4037-B3DE-BE89A21C8D1D}.Debug|x86.Build.0 = Debug|Win32
		{F143D180-D4C4-4037-B3DE-BE89A21C8D1D}.Release|x64.ActiveCfg = Release|x64
		{F143D180-D4C4-4037-B3DE-BE89A21C8D1D}.Release|x64.Build.0 = Release|x64
		{F143D180-D4C4-4037-B3DE-BE89A21C8D1D}.Release|x86.ActiveCfg = Release|Win32
		{F143D180-D4C4-4037-B3DE-BE89A21C8D1D}.Release|x86.Build.0 = Release|Win32
		{F974F34B-AF02-4C88-8E1E-85475094EA78}.Debug|x64.ActiveCfg = Debug|x64
		{F974F34B-AF02-4C88-8E1E-85475094EA78}.Debug|x64.Build.0 = Debug|x64
		{F974F34B-AF02-4C88-8E1E-85475094EA78}.Debug|x86.ActiveCfg = Debug|Win32
		{F974F34B-AF02-4C88-8E1E-85475094EA78}.Debug|x86.Build.0 = Debug|Win32
		{F974F34B-AF02-4C88-8E1E-85475094EA78}.Release|x64.ActiveCfg = Release|x64
		{F974F34B-AF02-4C88-8E1E-85475094EA78}.Release|x64.Build.0 = Release|x64
		{F974F34B-AF02-4C88-8E1E-85475094EA78}.Release|x86.ActiveCfg = Release|Win32
		{F974F34B-AF02-4C88-8E1E-85475094EA78}.Release|x86.Build.0 = Release|Win32
		{C33787E3-5564-4834-9FE3-A9020455A669}.Debug|x64.ActiveCfg = Debug|x64
		{C33787E3-5564-4834-9FE3-A9020455A669}.Debug|x64.Build.0 = Debug|x64
		{C33787E3-5564-4834-9FE3-A9020455A669}.Debug|x86.ActiveCfg = Debug|Win32
		{C33787E3-5564-4834-9FE3-A9020455A669}.Debug|x86.Build.0 = Debug|Win32
		{C33787E3-5564-4834-9FE3-A9020455A669}.Release|x64.ActiveCfg = Release|x64
		{C33787E3-5564-4834-9FE3-A9020455A669}.Release|x64.Build.0 = Release|x64
		{C33787E3-5564-4834-9FE3-A9020455A669}.Release|x86.ActiveCfg = Release|Win32
		{C33787E3-5564-4834-9FE3-A9020455A669}.Release|x86.Build.0 = Release|Win32
		{BE4B091F-B59B-4C98-88B5-CD15A1E6CBAB}.Debug|x64.ActiveCfg = Debug|x64
		{BE4B091F-B59B-4C98-88B5-CD15A1E6CBAB}.Debug|x64.Build.0 = Debug|x64
		{BE4B091F-B59B-4C98-88B5-CD15A1E6CBAB}.Debug|x86.ActiveCfg = Debug|Win32
		{BE4B091F-B59B-4C98-88B5-CD15A1E6CBAB}.Debug|x86.Build.0 = Debug|Win32
		{BE4B091F-B59B-4C98-88B5-CD15A1E6CBAB}.Release|x64.ActiveCfg = Release|x64
		{BE4B091F-B59B-4C98-88B5-CD15A1E6CBAB}.Release|x64.Build.0 = Release|x64
		{BE4B091F-B59B-4C98-88B5-CD15A1E6CBAB}.Release|x86.ActiveCfg = Release|Win32
		{BE4B091F-B59B-4C98-88B5-CD15A1E6CBAB}.Release|x86.Build.0 = Release|Win32
		{DA6F56B4-06A4-441D-AD70-AC5A7D51FADB}.Debug|x64.ActiveCfg = Release|x64
		{DA6F56B4-06A4-441D-AD70-AC5A7D51FADB}.Debug|x64.Build.0 = Release|x64
		{DA6F56B4-06A4-441D-AD70-AC5A7D51FADB}.Debug|x86.ActiveCfg = Release|Win32
		{DA6F56B4-06A4-441D-AD70-AC5A7D51FADB}.Debug|x86.Build.0 = Release|Win32
		{DA6F56B4-06A4-441D-AD70-AC5A7D51FADB}.Release|x64.ActiveCfg = Release|x64
		{DA6F56B4-06A4-441D-AD70-AC5A7D51FADB}.Release|x64.Build.0 = Release|x64
		{DA6F56B4-06A4-441D-AD70-AC5A7D51FADB}.Release|x86.ActiveCfg = Release|Win32
		{DA6F56B4-06A4-441D-AD70-AC5A7D51FADB}.Release|x86.Build.0 = Release|Win32
		{15CBFEFF-7965-41F5-B4E2-21E8795C9159}.Debug|x64.ActiveCfg = Debug|x64
		{15CBFEFF-7965-41F5-B4E2-21E8795C9159}.Debug|x64.Build.0 = Debug|x64
		{15CBFEFF-7965-41F5-B4E2-21E8795C9159}.Debug|x86.ActiveCfg = Debug|Win32
		{15CBFEFF-7965-41F5-B4E2-21E8795C9159}.Debug|x86.Build.0 = Debug|Win32
		{15CBFEFF-7965-41F5-B4E2-21E8795C9159}.Release|x64.ActiveCfg = Release|x64
		{15CBFEFF-7965-41F5-B4E2-21E8795C9159}.Release|x64.Build.0 = Release|x64
		{15CBFEFF-7965-41F5-B4E2-21E8795C9159}.Release|x86.ActiveCfg = Release|Win32
		{15CBFEFF-7965-41F5-B4E2-21E8795C9159}.Release|x86.Build.0 = Release|Win32
		{653F3841-3F26-49B9-AFCF-091DB4B67031}.Debug|x64.ActiveCfg = Debug|x64
		{653F3841-3F26-49B9-AFCF-091DB4B67031}.Debug|x64.Build.0 = Debug|x64
		{653F3841-3F26-49B9-AFCF-091DB4B67031}.Debug|x86.ActiveCfg = Debug|Win32
		{653F3841-3F26-49B9-AFCF-091DB4B67031}.Debug|x86.Build.0 = Debug|Win32
		{653F3841-3F26-49B9-AFCF-091DB4B67031}.Release|x64.ActiveCfg = Release|x64
		{653F3841-3F26-49B9-AFCF-091DB4B67031}.Release|x64.Build.0 = Release|x64
		{653F3841-3F26-49B9-AFCF-091DB4B67031}.Release|x86.ActiveCfg = Release|Win32
		{653F3841-3F26-49B9-AFCF-091DB4B67031}.Release|x86.Build.0 = Release|Win32
		{3A214E06-B95E-4D61-A291-1F8DF2EC10FD}.Debug|x64.ActiveCfg = Debug|x64
		{3A214E06-B95E-4D61-A291-1F8DF2EC10FD}.Debug|x64.Build.0 = Debug|x64
		{3A214E06-B95E-4D61-A291-1F8DF2EC10FD}.Debug|x86.ActiveCfg = Debug|Win32
		{3A214E06-B95E-4D61-A291-1F8DF2EC10FD}.Debug|x86.Build.0 = Debug|Win32
		{3A214E06-B95E-4D61-A291-1F8DF2EC10FD}.Release|x64.ActiveCfg = Release|x64
		{3A214E06-B95E-4D61-A291-1F8DF2EC10FD}.Release|x64.Build.0 = Release|x64
		{3A214E06-B95E-4D61-A291-1F8DF2EC10FD}.Release|x86.ActiveCfg = Release|Win32
		{3A214E06-B95E-4D61-A291-1F8DF2EC10FD}.Release|x86.Build.0 = Release|Win32
		{CEBDE98B-A6AA-46E6-BC79-FAAF823DB9EC}.Debug|x64.ActiveCfg = Debug|x64
		{CEBDE98B-A6AA-46E6-BC79-FAAF823DB9EC}.Debug|x64.Build.0 = Debug|x64
		{CEBDE98B-A6AA-46E6-BC79-FAAF823DB9EC}.Debug|x86.ActiveCfg = Debug|Win32
		{CEBDE98B-A6AA-46E6-BC79-FAAF823DB9EC}.Debug|x86.Build.0 = Debug|Win32
		{CEBDE98B-A6AA-46E6-BC79-FAAF823DB9EC}.Release|x64.ActiveCfg = Release|x64
		{CEBDE98B-A6AA-46E6-BC79-FAAF823DB9EC}.Release|x64.Build.0 = Release|x64
		{CEBDE98B-A6AA-46E6-BC79-FAAF823DB9EC}.Release|x86.ActiveCfg = Release|Win32
		{CEBDE98B-A6AA-46E6-BC79-FAAF823DB9EC}.Release|x86.Build.0 = Release|Win32
		{08F2A75F-9374-4112-89A5-334F9D9F0332}.Debug|x64.ActiveCfg = Debug|x64
		{08F2A75F-9374-4112-89A5-334F9D9F0332}.Debug|x64.Build.0 = Debug|x64
		{08F2A75F-9374-4112-89A5-334F9D9F0332}.Debug|x86.ActiveCfg = Debug|Win32
		{08F2A75F-9374-4112-89A5-334F9D9F0332}.Debug|x86.Build.0 = Debug|Win32
		{08F2A75F-9374-4112-89A5-334F9D9F0332}.Release|x64.ActiveCfg = Release|x64
		{08F2A75F-9374-4112-89A5-334F9D9F0332}.Release|x64.Build.0 = Release|x64
		{08F2A75F-9374-4112-89A5-334F9D9F0332}.Release|x86.ActiveCfg = Release|Win32
		{08F2A75F-9374-4112-89A5-334F9D9F0332}.Release|x86.Build.0 = Release|Win32
		{1BF75FEB-87DD-486C-880B-227987D191C2}.Debug|x64.ActiveCfg = Debug|x64
		{1BF75FEB-87DD-486C-880B-227987D191C2}.Debug|x64.Build.0 = Debug|x64
		{1BF75FEB-87DD-486C-880B-227987D191C2}.Debug|x86.ActiveCfg = Debug|Win32
		{1BF75FEB-87DD-486C-880B-227987D191C2}.Debug|x86.Build.0 = Debug|Win32
		{1BF75FEB-87DD-486C-880B-227987D191C2}.Release|x64.ActiveCfg = Release|x64
		{1BF75FEB-87DD-486C-880B-227987D191C2}.Release|x64.Build.0 = Release|x64
		{1BF75FEB-87DD-486C-880B-227987D191C2}.Release|x86.ActiveCfg = Release|Win32
		{1BF75FEB-87DD-486C-880B-227987D191C2}.Release|x86.Build.0 = Release|Win32
		{566551F4-4EF1-4CB4-A131-F982E7606907}.Debug|x64.ActiveCfg = Debug|x64
		{566551F4-4EF1-4CB4-A131-F982E7606907}.Debug|x64.Build.0 = Debug|x64
		{566551F4-4EF1-4CB4-A131-F982E7606907}.Debug|x86.ActiveCfg = Debug|Win32
		{566551F4-4EF1-4CB4-A131-F982E7606907}.Debug|x86.Build.0 = Debug|Win32
		{566551F4-4EF1-4CB4-A131-F982E7606907}.Release|x64.ActiveCfg = Release|x64
		{566551F4-4EF1-4CB4-A131-F982E7606907}.Release|x64.Build.0 = Release|x64
		{566551F4-4EF1-4CB4-A131-F982E7606907}.Release|x86.ActiveCfg = Release|Win32
		{566551F4-4EF1-4CB4-A131-F982E7606907}.Release|x86.Build.0 = Release|Win32
		{938E23B7-2436-4ECC-B960-6894655447F1}.Debug|x64.ActiveCfg = Debug|x64
		{938E23B7-2436-4ECC-B960-6894655447F1}.Debug|x64.Build.0 = Debug|x64
		{938E23B7-2436-4ECC-B960-6894655447F1}.Debug|x86.ActiveCfg = Debug|Win32
		{938E23B7-2436-4ECC-B960-6894655447F1}.Debug|x86.Build.0 = Debug|Win32
		{938E23B7-2436-4ECC-B960-6894655447F1}.Release|x64.ActiveCfg = Release|x64
		{938E23B7-2436-4ECC-B960-6894655447F1}.Release|x64.Build.0 = Release|x64
		{938E23B7-2436-4ECC-B960-6894655447F1}.Release|x86.ActiveCfg = Release|Win32
		{938E23B7-2436-4ECC-B960-6894655447F1}.Release|x86.Build.0 = Release|Win32
	EndGlobalSection
	GlobalSection(SolutionProperties) = preSolution
		HideSolutionNode = FALSE
	EndGlobalSection
	GlobalSection(NestedProjects) = preSolution
		{33134F61-C1AD-4B6F-9CEA-503A9F140C52} = {EC6B0DAA-5DE3-4FA0-9EB7-6137A46F08B7}
		{17A4874B-0606-4687-90B6-F91F8CB3B8AF} = {EC6B0DAA-5DE3-4FA0-9EB7-6137A46F08B7}
		{097D9F6C-FD0E-4CBC-9676-009012AAECA8} = {EC6B0DAA-5DE3-4FA0-9EB7-6137A46F08B7}
		{EC085CBD-E9C3-477F-9A97-CB9D5DA30E27} = {EC6B0DAA-5DE3-4FA0-9EB7-6137A46F08B7}
		{07F662C1-1323-42AB-B6AF-FBFD34A7437A} = {EC6B0DAA-5DE3-4FA0-9EB7-6137A46F08B7}
		{7DB10B50-CE00-4D7A-B322-6824F05D2FCB} = {EC6B0DAA-5DE3-4FA0-9EB7-6137A46F08B7}
		{E3536C28-A7F1-4B53-8E52-7D2232F9E098} = {EC6B0DAA-5DE3-4FA0-9EB7-6137A46F08B7}
		{244455E0-5F25-4451-9540-F317883E52A8} = {EC6B0DAA-5DE3-4FA0-9EB7-6137A46F08B7}
		{5E1D4E5F-E10C-4BA3-B663-F33014FD21D9} = {EC6B0DAA-5DE3-4FA0-9EB7-6137A46F08B7}
		{B39ED2B3-D53A-4077-B957-930979A3577D} = {EC6B0DAA-5DE3-4FA0-9EB7-6137A46F08B7}
		{CE017322-01FC-4851-9C8B-64E9A8E26C38} = {09C591BE-ACD8-49FC-9A65-E653FC191E18}
		{1AEB7681-57D8-48EE-813D-5C41CC38B647} = {09C591BE-ACD8-49FC-9A65-E653FC191E18}
		{4CFD4876-A026-46C2-AFCF-FB11346E815D} = {09C591BE-ACD8-49FC-9A65-E653FC191E18}
		{50C465FE-B308-42BC-894D-89484482AF06} = {09C591BE-ACD8-49FC-9A65-E653FC191E18}
		{4046F392-A18B-4C66-9639-3EABFFF5D531} = {09C591BE-ACD8-49FC-9A65-E653FC191E18}
		{F143D180-D4C4-4037-B3DE-BE89A21C8D1D} = {09C591BE-ACD8-49FC-9A65-E653FC191E18}
		{F974F34B-AF02-4C88-8E1E-85475094EA78} = {09C591BE-ACD8-49FC-9A65-E653FC191E18}
		{C33787E3-5564-4834-9FE3-A9020455A669} = {09C591BE-ACD8-49FC-9A65-E653FC191E18}
		{BE4B091F-B59B-4C98-88B5-CD15A1E6CBAB} = {F3AD98BB-1FCA-4BDB-AA46-BA50FDAABCB2}
		{DA6F56B4-06A4-441D-AD70-AC5A7D51FADB} = {F3AD98BB-1FCA-4BDB-AA46-BA50FDAABCB2}
		{15CBFEFF-7965-41F5-B4E2-21E8795C9159} = {F3AD98BB-1FCA-4BDB-AA46-BA50FDAABCB2}
		{653F3841-3F26-49B9-AFCF-091DB4B67031} = {F3AD98BB-1FCA-4BDB-AA46-BA50FDAABCB2}
		{3A214E06-B95E-4D61-A291-1F8DF2EC10FD} = {F3AD98BB-1FCA-4BDB-AA46-BA50FDAABCB2}
		{CEBDE98B-A6AA-46E6-BC79-FAAF823DB9EC} = {F3AD98BB-1FCA-4BDB-AA46-BA50FDAABCB2}
		{08F2A75F-9374-4112-89A5-334F9D9F0332} = {CB92E7EA-33DA-402E-9963-B3E1101136E1}
		{1BF75FEB-87DD-486C-880B-227987D191C2} = {CB92E7EA-33DA-402E-9963-B3E1101136E1}
		{566551F4-4EF1-4CB4-A131-F982E7606907} = {CB92E7EA-33DA-402E-9963-B3E1101136E1}
		{938E23B7-2436-4ECC-B960-6894655447F1} = {F3AD98BB-1FCA-4BDB-AA46-BA50FDAABCB2}
	EndGlobalSection
	GlobalSection(ExtensibilityGlobals) = postSolution
		SolutionGuid = {FEF16E1D-BBB5-4EAF-B226-5E0A6CD96195}
	EndGlobalSection
EndGlobal
