Microsoft Visual Studio Solution File, Format Version 12.00
# Visual Studio Version 16
VisualStudioVersion = 16.0.28803.352
MinimumVisualStudioVersion = 10.0.40219.1
Project("{2150E333-8FDC-42A3-9474-1A3956D46DE8}") = "utils", "utils", "{89F6A7EE-3BBE-45D3-A8A8-5D9366CD987B}"
EndProject
Project("{8BC9CEB8-8B4A-11D0-8D11-00A0C91BC942}") = "XR_3DA", "xr_3da\XR_3DA.vcxproj", "{2578C6D8-660D-48AE-9322-7422F8664F06}"
	ProjectSection(ProjectDependencies) = postProject
		{94BE3D19-23D3-4D15-8B5C-41193885648C} = {94BE3D19-23D3-4D15-8B5C-41193885648C}
		{0899B131-F1D4-4876-9BA1-67AC821DB9E1} = {0899B131-F1D4-4876-9BA1-67AC821DB9E1}
		{B68EAFB0-5420-488D-8872-48023E6DEDB0} = {B68EAFB0-5420-488D-8872-48023E6DEDB0}
		{6FDBCDB3-D190-486D-BDAC-3C4AC527DA3B} = {6FDBCDB3-D190-486D-BDAC-3C4AC527DA3B}
	EndProjectSection
EndProject
Project("{8BC9CEB8-8B4A-11D0-8D11-00A0C91BC942}") = "xrCPU_Pipe", "xr_3da\xrCPU_Pipe\xrCPU_Pipe.vcxproj", "{CA0649DD-D089-423A-981C-46B57A884EB9}"
EndProject
Project("{8BC9CEB8-8B4A-11D0-8D11-00A0C91BC942}") = "xrSound", "xrSound\xrSound.vcxproj", "{CCCA7859-EB86-493E-9B53-C4235F45B3C5}"
EndProject
Project("{8BC9CEB8-8B4A-11D0-8D11-00A0C91BC942}") = "xrCore", "xrCore\xrCore.vcxproj", "{A0F7D1FB-59A7-4717-A7E4-96F37E91998E}"
EndProject
Project("{8BC9CEB8-8B4A-11D0-8D11-00A0C91BC942}") = "xrCDB", "xrCDB\xrCDB.vcxproj", "{A19B1DF2-82EC-4364-8BDF-85D13A1C89B5}"
EndProject
Project("{8BC9CEB8-8B4A-11D0-8D11-00A0C91BC942}") = "xrRender_R1", "xr_3da\xrRender_R1\xrRender_R1.vcxproj", "{57A498C9-A741-4DDF-8EFC-BFB9EB6B00E2}"
EndProject
Project("{8BC9CEB8-8B4A-11D0-8D11-00A0C91BC942}") = "xrRender_R2", "xr_3da\xrRender_R2\xrRender_R2.vcxproj", "{963BA4E5-499A-454D-B002-1D5ECE0527A6}"
EndProject
Project("{8BC9CEB8-8B4A-11D0-8D11-00A0C91BC942}") = "xrXMLParser", "xrXMLParser\xrXMLParser.vcxproj", "{94A1C366-3D19-48E6-8170-4ADC2E70DF98}"
EndProject
Project("{8BC9CEB8-8B4A-11D0-8D11-00A0C91BC942}") = "xrParticles", "xrParticles\xrParticles.vcxproj", "{94A1C366-3D19-48E6-8170-4ADC2E70DF97}"
EndProject
Project("{8BC9CEB8-8B4A-11D0-8D11-00A0C91BC942}") = "xrNetServer", "xrNetServer\xrNetServer.vcxproj", "{435BAC9A-B225-457D-AB40-C9BD0CC8838C}"
EndProject
Project("{8BC9CEB8-8B4A-11D0-8D11-00A0C91BC942}") = "xrConverter", "xrConverter\bld-vs2008\xrConverter.vcxproj", "{251A6DE4-30F3-43A4-8315-AB4E306BD58D}"
EndProject
Project("{8BC9CEB8-8B4A-11D0-8D11-00A0C91BC942}") = "xrD3D9-Null", "xrD3D9-Null\xrD3D9-Null.vcxproj", "{0899B131-F1D4-4876-9BA1-67AC821DB9E1}"
EndProject
Project("{8BC9CEB8-8B4A-11D0-8D11-00A0C91BC942}") = "xrGameSpy", "xrGameSpy\xrGameSpy.vcxproj", "{5535F6B4-7AE6-4B66-8AEA-CC31C14D7AB7}"
	ProjectSection(ProjectDependencies) = postProject
		{A0F7D1FB-59A7-4717-A7E4-96F37E91998E} = {A0F7D1FB-59A7-4717-A7E4-96F37E91998E}
	EndProjectSection
EndProject
Project("{8BC9CEB8-8B4A-11D0-8D11-00A0C91BC942}") = "xrGame", "xrGame\xrGame.vcxproj", "{200652A6-043E-4634-8837-87983B3BD5E0}"
	ProjectSection(ProjectDependencies) = postProject
		{9CBA752E-416E-4B16-A9A6-3156F3811B29} = {9CBA752E-416E-4B16-A9A6-3156F3811B29}
	EndProjectSection
EndProject
Project("{8BC9CEB8-8B4A-11D0-8D11-00A0C91BC942}") = "xrDownloader", "xrDownloader\xrDownloader.vcxproj", "{9CBA752E-416E-4B16-A9A6-3156F3811B29}"
	ProjectSection(ProjectDependencies) = postProject
		{A0F7D1FB-59A7-4717-A7E4-96F37E91998E} = {A0F7D1FB-59A7-4717-A7E4-96F37E91998E}
	EndProjectSection
EndProject
Project("{8BC9CEB8-8B4A-11D0-8D11-00A0C91BC942}") = "xrStats", "xrStats\xrStats.vcxproj", "{7EA8AB65-9B12-428F-B498-644B25CCBA4C}"
EndProject
Project("{8BC9CEB8-8B4A-11D0-8D11-00A0C91BC942}") = "Luabind", "components\Luabind\Luabind.vcxproj", "{6FDBCDB3-D190-486D-BDAC-3C4AC527DA3B}"
	ProjectSection(ProjectDependencies) = postProject
		{94BE3D19-23D3-4D15-8B5C-41193885648C} = {94BE3D19-23D3-4D15-8B5C-41193885648C}
		{A0F7D1FB-59A7-4717-A7E4-96F37E91998E} = {A0F7D1FB-59A7-4717-A7E4-96F37E91998E}
	EndProjectSection
EndProject
Project("{8BC9CEB8-8B4A-11D0-8D11-00A0C91BC942}") = "LuaJIT", "components\LuaJIT\LuaJIT.vcxproj", "{94BE3D19-23D3-4D15-8B5C-41193885648C}"
EndProject
Project("{8BC9CEB8-8B4A-11D0-8D11-00A0C91BC942}") = "TSMP_GUI", "TSMP_GUI\TSMP_GUI.vcxproj", "{B68EAFB0-5420-488D-8872-48023E6DEDB0}"
	ProjectSection(ProjectDependencies) = postProject
		{A0F7D1FB-59A7-4717-A7E4-96F37E91998E} = {A0F7D1FB-59A7-4717-A7E4-96F37E91998E}
	EndProjectSection
EndProject
Global
	GlobalSection(SolutionConfigurationPlatforms) = preSolution
		Debug|Any CPU = Debug|Any CPU
		Debug|x32 = Debug|x32
		Debug|x64 = Debug|x64
		Debug|x86 = Debug|x86
		Release|Any CPU = Release|Any CPU
		Release|x32 = Release|x32
		Release|x64 = Release|x64
		Release|x86 = Release|x86
	EndGlobalSection
	GlobalSection(ProjectConfigurationPlatforms) = postSolution
		{2578C6D8-660D-48AE-9322-7422F8664F06}.Debug|Any CPU.ActiveCfg = Debug|Win32
		{2578C6D8-660D-48AE-9322-7422F8664F06}.Debug|x32.ActiveCfg = Debug|Win32
		{2578C6D8-660D-48AE-9322-7422F8664F06}.Debug|x32.Build.0 = Debug|Win32
		{2578C6D8-660D-48AE-9322-7422F8664F06}.Debug|x64.ActiveCfg = Debug|x64
		{2578C6D8-660D-48AE-9322-7422F8664F06}.Debug|x64.Build.0 = Debug|x64
		{2578C6D8-660D-48AE-9322-7422F8664F06}.Debug|x86.ActiveCfg = Debug|Win32
		{2578C6D8-660D-48AE-9322-7422F8664F06}.Debug|x86.Build.0 = Debug|Win32
		{2578C6D8-660D-48AE-9322-7422F8664F06}.Release|Any CPU.ActiveCfg = Release|Win32
		{2578C6D8-660D-48AE-9322-7422F8664F06}.Release|x32.ActiveCfg = Release|Win32
		{2578C6D8-660D-48AE-9322-7422F8664F06}.Release|x32.Build.0 = Release|Win32
		{2578C6D8-660D-48AE-9322-7422F8664F06}.Release|x64.ActiveCfg = Release|x64
		{2578C6D8-660D-48AE-9322-7422F8664F06}.Release|x86.ActiveCfg = Release|Win32
		{2578C6D8-660D-48AE-9322-7422F8664F06}.Release|x86.Build.0 = Release|Win32
		{CA0649DD-D089-423A-981C-46B57A884EB9}.Debug|Any CPU.ActiveCfg = Debug|Win32
		{CA0649DD-D089-423A-981C-46B57A884EB9}.Debug|x32.ActiveCfg = Debug|Win32
		{CA0649DD-D089-423A-981C-46B57A884EB9}.Debug|x32.Build.0 = Debug|Win32
		{CA0649DD-D089-423A-981C-46B57A884EB9}.Debug|x64.ActiveCfg = Debug|x64
		{CA0649DD-D089-423A-981C-46B57A884EB9}.Debug|x64.Build.0 = Debug|x64
		{CA0649DD-D089-423A-981C-46B57A884EB9}.Debug|x86.ActiveCfg = Debug|Win32
		{CA0649DD-D089-423A-981C-46B57A884EB9}.Debug|x86.Build.0 = Debug|Win32
		{CA0649DD-D089-423A-981C-46B57A884EB9}.Release|Any CPU.ActiveCfg = Release|Win32
		{CA0649DD-D089-423A-981C-46B57A884EB9}.Release|x32.ActiveCfg = Release|Win32
		{CA0649DD-D089-423A-981C-46B57A884EB9}.Release|x32.Build.0 = Release|Win32
		{CA0649DD-D089-423A-981C-46B57A884EB9}.Release|x64.ActiveCfg = Release|x64
		{CA0649DD-D089-423A-981C-46B57A884EB9}.Release|x86.ActiveCfg = Release|Win32
		{CA0649DD-D089-423A-981C-46B57A884EB9}.Release|x86.Build.0 = Release|Win32
		{CCCA7859-EB86-493E-9B53-C4235F45B3C5}.Debug|Any CPU.ActiveCfg = Debug|Win32
		{CCCA7859-EB86-493E-9B53-C4235F45B3C5}.Debug|x32.ActiveCfg = Debug|Win32
		{CCCA7859-EB86-493E-9B53-C4235F45B3C5}.Debug|x32.Build.0 = Debug|Win32
		{CCCA7859-EB86-493E-9B53-C4235F45B3C5}.Debug|x64.ActiveCfg = Debug|x64
		{CCCA7859-EB86-493E-9B53-C4235F45B3C5}.Debug|x64.Build.0 = Debug|x64
		{CCCA7859-EB86-493E-9B53-C4235F45B3C5}.Debug|x86.ActiveCfg = Debug|Win32
		{CCCA7859-EB86-493E-9B53-C4235F45B3C5}.Debug|x86.Build.0 = Debug|Win32
		{CCCA7859-EB86-493E-9B53-C4235F45B3C5}.Release|Any CPU.ActiveCfg = Release|Win32
		{CCCA7859-EB86-493E-9B53-C4235F45B3C5}.Release|x32.ActiveCfg = Release|Win32
		{CCCA7859-EB86-493E-9B53-C4235F45B3C5}.Release|x32.Build.0 = Release|Win32
		{CCCA7859-EB86-493E-9B53-C4235F45B3C5}.Release|x64.ActiveCfg = Release|x64
		{CCCA7859-EB86-493E-9B53-C4235F45B3C5}.Release|x86.ActiveCfg = Release|Win32
		{CCCA7859-EB86-493E-9B53-C4235F45B3C5}.Release|x86.Build.0 = Release|Win32
		{A0F7D1FB-59A7-4717-A7E4-96F37E91998E}.Debug|Any CPU.ActiveCfg = Debug|Win32
		{A0F7D1FB-59A7-4717-A7E4-96F37E91998E}.Debug|x32.ActiveCfg = Debug|Win32
		{A0F7D1FB-59A7-4717-A7E4-96F37E91998E}.Debug|x32.Build.0 = Debug|Win32
		{A0F7D1FB-59A7-4717-A7E4-96F37E91998E}.Debug|x64.ActiveCfg = Debug|x64
		{A0F7D1FB-59A7-4717-A7E4-96F37E91998E}.Debug|x64.Build.0 = Debug|x64
		{A0F7D1FB-59A7-4717-A7E4-96F37E91998E}.Debug|x86.ActiveCfg = Debug|Win32
		{A0F7D1FB-59A7-4717-A7E4-96F37E91998E}.Debug|x86.Build.0 = Debug|Win32
		{A0F7D1FB-59A7-4717-A7E4-96F37E91998E}.Release|Any CPU.ActiveCfg = Release|Win32
		{A0F7D1FB-59A7-4717-A7E4-96F37E91998E}.Release|x32.ActiveCfg = Release|Win32
		{A0F7D1FB-59A7-4717-A7E4-96F37E91998E}.Release|x32.Build.0 = Release|Win32
		{A0F7D1FB-59A7-4717-A7E4-96F37E91998E}.Release|x64.ActiveCfg = Release|x64
		{A0F7D1FB-59A7-4717-A7E4-96F37E91998E}.Release|x64.Build.0 = Release|x64
		{A0F7D1FB-59A7-4717-A7E4-96F37E91998E}.Release|x86.ActiveCfg = Release|Win32
		{A0F7D1FB-59A7-4717-A7E4-96F37E91998E}.Release|x86.Build.0 = Release|Win32
		{A19B1DF2-82EC-4364-8BDF-85D13A1C89B5}.Debug|Any CPU.ActiveCfg = Debug|Win32
		{A19B1DF2-82EC-4364-8BDF-85D13A1C89B5}.Debug|x32.ActiveCfg = Debug|Win32
		{A19B1DF2-82EC-4364-8BDF-85D13A1C89B5}.Debug|x32.Build.0 = Debug|Win32
		{A19B1DF2-82EC-4364-8BDF-85D13A1C89B5}.Debug|x64.ActiveCfg = Debug|x64
		{A19B1DF2-82EC-4364-8BDF-85D13A1C89B5}.Debug|x64.Build.0 = Debug|x64
		{A19B1DF2-82EC-4364-8BDF-85D13A1C89B5}.Debug|x86.ActiveCfg = Debug|Win32
		{A19B1DF2-82EC-4364-8BDF-85D13A1C89B5}.Debug|x86.Build.0 = Debug|Win32
		{A19B1DF2-82EC-4364-8BDF-85D13A1C89B5}.Release|Any CPU.ActiveCfg = Release|Win32
		{A19B1DF2-82EC-4364-8BDF-85D13A1C89B5}.Release|x32.ActiveCfg = Release|Win32
		{A19B1DF2-82EC-4364-8BDF-85D13A1C89B5}.Release|x32.Build.0 = Release|Win32
		{A19B1DF2-82EC-4364-8BDF-85D13A1C89B5}.Release|x64.ActiveCfg = Release|x64
		{A19B1DF2-82EC-4364-8BDF-85D13A1C89B5}.Release|x64.Build.0 = Release|x64
		{A19B1DF2-82EC-4364-8BDF-85D13A1C89B5}.Release|x86.ActiveCfg = Release|Win32
		{A19B1DF2-82EC-4364-8BDF-85D13A1C89B5}.Release|x86.Build.0 = Release|Win32
		{57A498C9-A741-4DDF-8EFC-BFB9EB6B00E2}.Debug|Any CPU.ActiveCfg = Debug|Win32
		{57A498C9-A741-4DDF-8EFC-BFB9EB6B00E2}.Debug|x32.ActiveCfg = Debug|Win32
		{57A498C9-A741-4DDF-8EFC-BFB9EB6B00E2}.Debug|x32.Build.0 = Debug|Win32
		{57A498C9-A741-4DDF-8EFC-BFB9EB6B00E2}.Debug|x64.ActiveCfg = Debug|x64
		{57A498C9-A741-4DDF-8EFC-BFB9EB6B00E2}.Debug|x64.Build.0 = Debug|x64
		{57A498C9-A741-4DDF-8EFC-BFB9EB6B00E2}.Debug|x86.ActiveCfg = Debug|Win32
		{57A498C9-A741-4DDF-8EFC-BFB9EB6B00E2}.Debug|x86.Build.0 = Debug|Win32
		{57A498C9-A741-4DDF-8EFC-BFB9EB6B00E2}.Release|Any CPU.ActiveCfg = Release|Win32
		{57A498C9-A741-4DDF-8EFC-BFB9EB6B00E2}.Release|x32.ActiveCfg = Release|Win32
		{57A498C9-A741-4DDF-8EFC-BFB9EB6B00E2}.Release|x32.Build.0 = Release|Win32
		{57A498C9-A741-4DDF-8EFC-BFB9EB6B00E2}.Release|x64.ActiveCfg = Release|x64
		{57A498C9-A741-4DDF-8EFC-BFB9EB6B00E2}.Release|x86.ActiveCfg = Release|Win32
		{57A498C9-A741-4DDF-8EFC-BFB9EB6B00E2}.Release|x86.Build.0 = Release|Win32
		{963BA4E5-499A-454D-B002-1D5ECE0527A6}.Debug|Any CPU.ActiveCfg = Debug|Win32
		{963BA4E5-499A-454D-B002-1D5ECE0527A6}.Debug|x32.ActiveCfg = Debug|Win32
		{963BA4E5-499A-454D-B002-1D5ECE0527A6}.Debug|x32.Build.0 = Debug|Win32
		{963BA4E5-499A-454D-B002-1D5ECE0527A6}.Debug|x64.ActiveCfg = Debug|x64
		{963BA4E5-499A-454D-B002-1D5ECE0527A6}.Debug|x64.Build.0 = Debug|x64
		{963BA4E5-499A-454D-B002-1D5ECE0527A6}.Debug|x86.ActiveCfg = Debug|Win32
		{963BA4E5-499A-454D-B002-1D5ECE0527A6}.Debug|x86.Build.0 = Debug|Win32
		{963BA4E5-499A-454D-B002-1D5ECE0527A6}.Release|Any CPU.ActiveCfg = Release|Win32
		{963BA4E5-499A-454D-B002-1D5ECE0527A6}.Release|x32.ActiveCfg = Release|Win32
		{963BA4E5-499A-454D-B002-1D5ECE0527A6}.Release|x32.Build.0 = Release|Win32
		{963BA4E5-499A-454D-B002-1D5ECE0527A6}.Release|x64.ActiveCfg = Release|x64
		{963BA4E5-499A-454D-B002-1D5ECE0527A6}.Release|x86.ActiveCfg = Release|Win32
		{963BA4E5-499A-454D-B002-1D5ECE0527A6}.Release|x86.Build.0 = Release|Win32
		{94A1C366-3D19-48E6-8170-4ADC2E70DF98}.Debug|Any CPU.ActiveCfg = Debug|Win32
		{94A1C366-3D19-48E6-8170-4ADC2E70DF98}.Debug|x32.ActiveCfg = Debug|Win32
		{94A1C366-3D19-48E6-8170-4ADC2E70DF98}.Debug|x32.Build.0 = Debug|Win32
		{94A1C366-3D19-48E6-8170-4ADC2E70DF98}.Debug|x64.ActiveCfg = Debug|x64
		{94A1C366-3D19-48E6-8170-4ADC2E70DF98}.Debug|x64.Build.0 = Debug|x64
		{94A1C366-3D19-48E6-8170-4ADC2E70DF98}.Debug|x86.ActiveCfg = Debug|Win32
		{94A1C366-3D19-48E6-8170-4ADC2E70DF98}.Debug|x86.Build.0 = Debug|Win32
		{94A1C366-3D19-48E6-8170-4ADC2E70DF98}.Release|Any CPU.ActiveCfg = Release|Win32
		{94A1C366-3D19-48E6-8170-4ADC2E70DF98}.Release|x32.ActiveCfg = Release|Win32
		{94A1C366-3D19-48E6-8170-4ADC2E70DF98}.Release|x32.Build.0 = Release|Win32
		{94A1C366-3D19-48E6-8170-4ADC2E70DF98}.Release|x64.ActiveCfg = Release|x64
		{94A1C366-3D19-48E6-8170-4ADC2E70DF98}.Release|x86.ActiveCfg = Release|Win32
		{94A1C366-3D19-48E6-8170-4ADC2E70DF98}.Release|x86.Build.0 = Release|Win32
		{94A1C366-3D19-48E6-8170-4ADC2E70DF97}.Debug|Any CPU.ActiveCfg = Debug|Win32
		{94A1C366-3D19-48E6-8170-4ADC2E70DF97}.Debug|x32.ActiveCfg = Debug|Win32
		{94A1C366-3D19-48E6-8170-4ADC2E70DF97}.Debug|x32.Build.0 = Debug|Win32
		{94A1C366-3D19-48E6-8170-4ADC2E70DF97}.Debug|x64.ActiveCfg = Debug|x64
		{94A1C366-3D19-48E6-8170-4ADC2E70DF97}.Debug|x64.Build.0 = Debug|x64
		{94A1C366-3D19-48E6-8170-4ADC2E70DF97}.Debug|x86.ActiveCfg = Debug|Win32
		{94A1C366-3D19-48E6-8170-4ADC2E70DF97}.Debug|x86.Build.0 = Debug|Win32
		{94A1C366-3D19-48E6-8170-4ADC2E70DF97}.Release|Any CPU.ActiveCfg = Release|Win32
		{94A1C366-3D19-48E6-8170-4ADC2E70DF97}.Release|x32.ActiveCfg = Release|Win32
		{94A1C366-3D19-48E6-8170-4ADC2E70DF97}.Release|x32.Build.0 = Release|Win32
		{94A1C366-3D19-48E6-8170-4ADC2E70DF97}.Release|x64.ActiveCfg = Release|x64
		{94A1C366-3D19-48E6-8170-4ADC2E70DF97}.Release|x86.ActiveCfg = Release|Win32
		{94A1C366-3D19-48E6-8170-4ADC2E70DF97}.Release|x86.Build.0 = Release|Win32
		{435BAC9A-B225-457D-AB40-C9BD0CC8838C}.Debug|Any CPU.ActiveCfg = Debug|Win32
		{435BAC9A-B225-457D-AB40-C9BD0CC8838C}.Debug|x32.ActiveCfg = Debug|Win32
		{435BAC9A-B225-457D-AB40-C9BD0CC8838C}.Debug|x32.Build.0 = Debug|Win32
		{435BAC9A-B225-457D-AB40-C9BD0CC8838C}.Debug|x64.ActiveCfg = Debug|x64
		{435BAC9A-B225-457D-AB40-C9BD0CC8838C}.Debug|x64.Build.0 = Debug|x64
		{435BAC9A-B225-457D-AB40-C9BD0CC8838C}.Debug|x86.ActiveCfg = Debug|Win32
		{435BAC9A-B225-457D-AB40-C9BD0CC8838C}.Debug|x86.Build.0 = Debug|Win32
		{435BAC9A-B225-457D-AB40-C9BD0CC8838C}.Release|Any CPU.ActiveCfg = Release|Win32
		{435BAC9A-B225-457D-AB40-C9BD0CC8838C}.Release|x32.ActiveCfg = Release|Win32
		{435BAC9A-B225-457D-AB40-C9BD0CC8838C}.Release|x32.Build.0 = Release|Win32
		{435BAC9A-B225-457D-AB40-C9BD0CC8838C}.Release|x64.ActiveCfg = Release|x64
		{435BAC9A-B225-457D-AB40-C9BD0CC8838C}.Release|x86.ActiveCfg = Release|Win32
		{435BAC9A-B225-457D-AB40-C9BD0CC8838C}.Release|x86.Build.0 = Release|Win32
		{251A6DE4-30F3-43A4-8315-AB4E306BD58D}.Debug|Any CPU.ActiveCfg = Debug|Win32
		{251A6DE4-30F3-43A4-8315-AB4E306BD58D}.Debug|x32.ActiveCfg = Debug|Win32
		{251A6DE4-30F3-43A4-8315-AB4E306BD58D}.Debug|x32.Build.0 = Debug|Win32
		{251A6DE4-30F3-43A4-8315-AB4E306BD58D}.Debug|x64.ActiveCfg = Debug|x64
		{251A6DE4-30F3-43A4-8315-AB4E306BD58D}.Debug|x64.Build.0 = Debug|x64
		{251A6DE4-30F3-43A4-8315-AB4E306BD58D}.Debug|x86.ActiveCfg = Debug|Win32
		{251A6DE4-30F3-43A4-8315-AB4E306BD58D}.Debug|x86.Build.0 = Debug|Win32
		{251A6DE4-30F3-43A4-8315-AB4E306BD58D}.Release|Any CPU.ActiveCfg = Release|Win32
		{251A6DE4-30F3-43A4-8315-AB4E306BD58D}.Release|x32.ActiveCfg = Release|Win32
		{251A6DE4-30F3-43A4-8315-AB4E306BD58D}.Release|x64.ActiveCfg = Release|x64
		{251A6DE4-30F3-43A4-8315-AB4E306BD58D}.Release|x64.Build.0 = Release|x64
		{251A6DE4-30F3-43A4-8315-AB4E306BD58D}.Release|x86.ActiveCfg = Release|Win32
		{251A6DE4-30F3-43A4-8315-AB4E306BD58D}.Release|x86.Build.0 = Release|Win32
		{0899B131-F1D4-4876-9BA1-67AC821DB9E1}.Debug|Any CPU.ActiveCfg = Debug|Win32
		{0899B131-F1D4-4876-9BA1-67AC821DB9E1}.Debug|x32.ActiveCfg = Debug|Win32
		{0899B131-F1D4-4876-9BA1-67AC821DB9E1}.Debug|x32.Build.0 = Debug|Win32
		{0899B131-F1D4-4876-9BA1-67AC821DB9E1}.Debug|x64.ActiveCfg = Debug|x64
		{0899B131-F1D4-4876-9BA1-67AC821DB9E1}.Debug|x64.Build.0 = Debug|x64
		{0899B131-F1D4-4876-9BA1-67AC821DB9E1}.Debug|x86.ActiveCfg = Debug|Win32
		{0899B131-F1D4-4876-9BA1-67AC821DB9E1}.Debug|x86.Build.0 = Debug|Win32
		{0899B131-F1D4-4876-9BA1-67AC821DB9E1}.Release|Any CPU.ActiveCfg = Release|Win32
		{0899B131-F1D4-4876-9BA1-67AC821DB9E1}.Release|x32.ActiveCfg = Release|Win32
		{0899B131-F1D4-4876-9BA1-67AC821DB9E1}.Release|x32.Build.0 = Release|Win32
		{0899B131-F1D4-4876-9BA1-67AC821DB9E1}.Release|x64.ActiveCfg = Release|x64
		{0899B131-F1D4-4876-9BA1-67AC821DB9E1}.Release|x86.ActiveCfg = Release|Win32
		{0899B131-F1D4-4876-9BA1-67AC821DB9E1}.Release|x86.Build.0 = Release|Win32
		{5535F6B4-7AE6-4B66-8AEA-CC31C14D7AB7}.Debug|Any CPU.ActiveCfg = Debug|Win32
		{5535F6B4-7AE6-4B66-8AEA-CC31C14D7AB7}.Debug|x32.ActiveCfg = Debug|Win32
		{5535F6B4-7AE6-4B66-8AEA-CC31C14D7AB7}.Debug|x32.Build.0 = Debug|Win32
		{5535F6B4-7AE6-4B66-8AEA-CC31C14D7AB7}.Debug|x64.ActiveCfg = Debug|x64
		{5535F6B4-7AE6-4B66-8AEA-CC31C14D7AB7}.Debug|x64.Build.0 = Debug|x64
		{5535F6B4-7AE6-4B66-8AEA-CC31C14D7AB7}.Debug|x86.ActiveCfg = Debug|Win32
		{5535F6B4-7AE6-4B66-8AEA-CC31C14D7AB7}.Debug|x86.Build.0 = Debug|Win32
		{5535F6B4-7AE6-4B66-8AEA-CC31C14D7AB7}.Release|Any CPU.ActiveCfg = Release|Win32
		{5535F6B4-7AE6-4B66-8AEA-CC31C14D7AB7}.Release|x32.ActiveCfg = Release|Win32
		{5535F6B4-7AE6-4B66-8AEA-CC31C14D7AB7}.Release|x32.Build.0 = Release|Win32
		{5535F6B4-7AE6-4B66-8AEA-CC31C14D7AB7}.Release|x64.ActiveCfg = Release|x64
		{5535F6B4-7AE6-4B66-8AEA-CC31C14D7AB7}.Release|x86.ActiveCfg = Release|Win32
		{5535F6B4-7AE6-4B66-8AEA-CC31C14D7AB7}.Release|x86.Build.0 = Release|Win32
		{200652A6-043E-4634-8837-87983B3BD5E0}.Debug|Any CPU.ActiveCfg = Debug|Win32
		{200652A6-043E-4634-8837-87983B3BD5E0}.Debug|x32.ActiveCfg = Debug|Win32
		{200652A6-043E-4634-8837-87983B3BD5E0}.Debug|x32.Build.0 = Debug|Win32
		{200652A6-043E-4634-8837-87983B3BD5E0}.Debug|x64.ActiveCfg = Debug|x64
		{200652A6-043E-4634-8837-87983B3BD5E0}.Debug|x64.Build.0 = Debug|x64
		{200652A6-043E-4634-8837-87983B3BD5E0}.Debug|x86.ActiveCfg = Debug|Win32
		{200652A6-043E-4634-8837-87983B3BD5E0}.Debug|x86.Build.0 = Debug|Win32
		{200652A6-043E-4634-8837-87983B3BD5E0}.Release|Any CPU.ActiveCfg = Release|Win32
		{200652A6-043E-4634-8837-87983B3BD5E0}.Release|x32.ActiveCfg = Release|Win32
		{200652A6-043E-4634-8837-87983B3BD5E0}.Release|x32.Build.0 = Release|Win32
		{200652A6-043E-4634-8837-87983B3BD5E0}.Release|x64.ActiveCfg = Release|x64
		{200652A6-043E-4634-8837-87983B3BD5E0}.Release|x86.ActiveCfg = Release|Win32
		{200652A6-043E-4634-8837-87983B3BD5E0}.Release|x86.Build.0 = Release|Win32
		{9CBA752E-416E-4B16-A9A6-3156F3811B29}.Debug|Any CPU.ActiveCfg = Debug|Win32
		{9CBA752E-416E-4B16-A9A6-3156F3811B29}.Debug|x32.ActiveCfg = Debug|Win32
		{9CBA752E-416E-4B16-A9A6-3156F3811B29}.Debug|x32.Build.0 = Debug|Win32
		{9CBA752E-416E-4B16-A9A6-3156F3811B29}.Debug|x64.ActiveCfg = Debug|x64
		{9CBA752E-416E-4B16-A9A6-3156F3811B29}.Debug|x64.Build.0 = Debug|x64
		{9CBA752E-416E-4B16-A9A6-3156F3811B29}.Debug|x86.ActiveCfg = Debug|Win32
		{9CBA752E-416E-4B16-A9A6-3156F3811B29}.Debug|x86.Build.0 = Debug|Win32
		{9CBA752E-416E-4B16-A9A6-3156F3811B29}.Release|Any CPU.ActiveCfg = Release|Win32
		{9CBA752E-416E-4B16-A9A6-3156F3811B29}.Release|x32.ActiveCfg = Release|Win32
		{9CBA752E-416E-4B16-A9A6-3156F3811B29}.Release|x32.Build.0 = Release|Win32
		{9CBA752E-416E-4B16-A9A6-3156F3811B29}.Release|x64.ActiveCfg = Release|x64
		{9CBA752E-416E-4B16-A9A6-3156F3811B29}.Release|x86.ActiveCfg = Release|Win32
		{9CBA752E-416E-4B16-A9A6-3156F3811B29}.Release|x86.Build.0 = Release|Win32
		{7EA8AB65-9B12-428F-B498-644B25CCBA4C}.Debug|Any CPU.ActiveCfg = Debug|Win32
		{7EA8AB65-9B12-428F-B498-644B25CCBA4C}.Debug|x32.ActiveCfg = Debug|Win32
		{7EA8AB65-9B12-428F-B498-644B25CCBA4C}.Debug|x32.Build.0 = Debug|Win32
		{7EA8AB65-9B12-428F-B498-644B25CCBA4C}.Debug|x64.ActiveCfg = Debug|x64
		{7EA8AB65-9B12-428F-B498-644B25CCBA4C}.Debug|x64.Build.0 = Debug|x64
		{7EA8AB65-9B12-428F-B498-644B25CCBA4C}.Debug|x86.ActiveCfg = Debug|Win32
		{7EA8AB65-9B12-428F-B498-644B25CCBA4C}.Debug|x86.Build.0 = Debug|Win32
		{7EA8AB65-9B12-428F-B498-644B25CCBA4C}.Release|Any CPU.ActiveCfg = Release|Win32
		{7EA8AB65-9B12-428F-B498-644B25CCBA4C}.Release|x32.ActiveCfg = Release|Win32
		{7EA8AB65-9B12-428F-B498-644B25CCBA4C}.Release|x64.ActiveCfg = Release|x64
		{7EA8AB65-9B12-428F-B498-644B25CCBA4C}.Release|x64.Build.0 = Release|x64
		{7EA8AB65-9B12-428F-B498-644B25CCBA4C}.Release|x86.ActiveCfg = Release|Win32
		{7EA8AB65-9B12-428F-B498-644B25CCBA4C}.Release|x86.Build.0 = Release|Win32
		{6FDBCDB3-D190-486D-BDAC-3C4AC527DA3B}.Debug|Any CPU.ActiveCfg = Debug|Win32
		{6FDBCDB3-D190-486D-BDAC-3C4AC527DA3B}.Debug|x32.ActiveCfg = Debug|Win32
		{6FDBCDB3-D190-486D-BDAC-3C4AC527DA3B}.Debug|x32.Build.0 = Debug|Win32
		{6FDBCDB3-D190-486D-BDAC-3C4AC527DA3B}.Debug|x64.ActiveCfg = Debug|Win32
		{6FDBCDB3-D190-486D-BDAC-3C4AC527DA3B}.Debug|x86.ActiveCfg = Debug|Win32
		{6FDBCDB3-D190-486D-BDAC-3C4AC527DA3B}.Debug|x86.Build.0 = Debug|Win32
		{6FDBCDB3-D190-486D-BDAC-3C4AC527DA3B}.Release|Any CPU.ActiveCfg = Release|Win32
		{6FDBCDB3-D190-486D-BDAC-3C4AC527DA3B}.Release|x32.ActiveCfg = Release|Win32
		{6FDBCDB3-D190-486D-BDAC-3C4AC527DA3B}.Release|x32.Build.0 = Release|Win32
		{6FDBCDB3-D190-486D-BDAC-3C4AC527DA3B}.Release|x64.ActiveCfg = Release|x64
		{6FDBCDB3-D190-486D-BDAC-3C4AC527DA3B}.Release|x86.ActiveCfg = Release|Win32
		{6FDBCDB3-D190-486D-BDAC-3C4AC527DA3B}.Release|x86.Build.0 = Release|Win32
		{94BE3D19-23D3-4D15-8B5C-41193885648C}.Debug|Any CPU.ActiveCfg = Debug|Win32
		{94BE3D19-23D3-4D15-8B5C-41193885648C}.Debug|x32.ActiveCfg = Debug|Win32
		{94BE3D19-23D3-4D15-8B5C-41193885648C}.Debug|x32.Build.0 = Debug|Win32
		{94BE3D19-23D3-4D15-8B5C-41193885648C}.Debug|x64.ActiveCfg = Debug|Win32
		{94BE3D19-23D3-4D15-8B5C-41193885648C}.Debug|x86.ActiveCfg = Debug|Win32
		{94BE3D19-23D3-4D15-8B5C-41193885648C}.Debug|x86.Build.0 = Debug|Win32
		{94BE3D19-23D3-4D15-8B5C-41193885648C}.Release|Any CPU.ActiveCfg = Release|Win32
		{94BE3D19-23D3-4D15-8B5C-41193885648C}.Release|x32.ActiveCfg = Release|Win32
		{94BE3D19-23D3-4D15-8B5C-41193885648C}.Release|x32.Build.0 = Release|Win32
		{94BE3D19-23D3-4D15-8B5C-41193885648C}.Release|x64.ActiveCfg = Release|x64
		{94BE3D19-23D3-4D15-8B5C-41193885648C}.Release|x86.ActiveCfg = Release|Win32
		{94BE3D19-23D3-4D15-8B5C-41193885648C}.Release|x86.Build.0 = Release|Win32
		{B68EAFB0-5420-488D-8872-48023E6DEDB0}.Debug|Any CPU.ActiveCfg = Debug|Win32
		{B68EAFB0-5420-488D-8872-48023E6DEDB0}.Debug|x32.ActiveCfg = Debug|Win32
		{B68EAFB0-5420-488D-8872-48023E6DEDB0}.Debug|x64.ActiveCfg = Debug|x64
		{B68EAFB0-5420-488D-8872-48023E6DEDB0}.Debug|x64.Build.0 = Debug|x64
		{B68EAFB0-5420-488D-8872-48023E6DEDB0}.Debug|x86.ActiveCfg = Debug|Win32
		{B68EAFB0-5420-488D-8872-48023E6DEDB0}.Debug|x86.Build.0 = Debug|Win32
		{B68EAFB0-5420-488D-8872-48023E6DEDB0}.Release|Any CPU.ActiveCfg = Release|Win32
		{B68EAFB0-5420-488D-8872-48023E6DEDB0}.Release|x32.ActiveCfg = Release|Win32
		{B68EAFB0-5420-488D-8872-48023E6DEDB0}.Release|x32.Build.0 = Release|Win32
		{B68EAFB0-5420-488D-8872-48023E6DEDB0}.Release|x64.ActiveCfg = Release|x64
		{B68EAFB0-5420-488D-8872-48023E6DEDB0}.Release|x64.Build.0 = Release|x64
		{B68EAFB0-5420-488D-8872-48023E6DEDB0}.Release|x86.ActiveCfg = Release|Win32
		{B68EAFB0-5420-488D-8872-48023E6DEDB0}.Release|x86.Build.0 = Release|Win32
	EndGlobalSection
	GlobalSection(SolutionProperties) = preSolution
		HideSolutionNode = FALSE
	EndGlobalSection
	GlobalSection(NestedProjects) = preSolution
		{251A6DE4-30F3-43A4-8315-AB4E306BD58D} = {89F6A7EE-3BBE-45D3-A8A8-5D9366CD987B}
		{0899B131-F1D4-4876-9BA1-67AC821DB9E1} = {89F6A7EE-3BBE-45D3-A8A8-5D9366CD987B}
		{7EA8AB65-9B12-428F-B498-644B25CCBA4C} = {89F6A7EE-3BBE-45D3-A8A8-5D9366CD987B}
		{6FDBCDB3-D190-486D-BDAC-3C4AC527DA3B} = {89F6A7EE-3BBE-45D3-A8A8-5D9366CD987B}
		{94BE3D19-23D3-4D15-8B5C-41193885648C} = {89F6A7EE-3BBE-45D3-A8A8-5D9366CD987B}
	EndGlobalSection
	GlobalSection(ExtensibilityGlobals) = postSolution
		SolutionGuid = {311981FB-5462-417B-95B2-A0B7E6B8E394}
	EndGlobalSection
	GlobalSection(DPCodeReviewSolutionGUID) = preSolution
		DPCodeReviewSolutionGUID = {00000000-0000-0000-0000-000000000000}
	EndGlobalSection
EndGlobal
