<?xml version="1.0" encoding="utf-8"?>
<Project ToolsVersion="4.0" xmlns="http://schemas.microsoft.com/developer/msbuild/2003">
  <ItemGroup>
    <Filter Include="Dialogs">
      <UniqueIdentifier>{238fba9a-855c-4a5e-8ef0-cd967a5036ae}</UniqueIdentifier>
    </Filter>
    <Filter Include="Dialogs\Source Files">
      <UniqueIdentifier>{85f5eda8-a2b6-4948-8077-3cf8f44d3a77}</UniqueIdentifier>
      <Extensions>cpp;c;cxx;def;odl;idl;hpj;bat;asm</Extensions>
    </Filter>
    <Filter Include="Dialogs\Header Files">
      <UniqueIdentifier>{a88c0619-b2bf-4f2b-bf5f-3129a2f4718c}</UniqueIdentifier>
      <Extensions>h;hpp;hxx;hm;inl;inc</Extensions>
    </Filter>
    <Filter Include="Collections">
      <UniqueIdentifier>{c47e2183-80d0-4870-b477-8310fba33078}</UniqueIdentifier>
    </Filter>
    <Filter Include="Collections\Source Files">
      <UniqueIdentifier>{a6ce1891-89d9-4c34-8940-7a7c674e5c48}</UniqueIdentifier>
      <Extensions>cpp;c;cxx;def;odl;idl;hpj;bat;asm</Extensions>
    </Filter>
    <Filter Include="Collections\Header Files">
      <UniqueIdentifier>{d771df17-87cd-4694-94a1-782ad32ebb08}</UniqueIdentifier>
      <Extensions>h;hpp;hxx;hm;inl;inc</Extensions>
    </Filter>
    <Filter Include="Controls">
      <UniqueIdentifier>{29a88111-5a1f-4350-9fc2-795710313091}</UniqueIdentifier>
    </Filter>
    <Filter Include="Controls\Source Files">
      <UniqueIdentifier>{87f17634-82a0-4c9e-8782-2e16f33d2e69}</UniqueIdentifier>
      <Extensions>cpp;c;cxx;def;odl;idl;hpj;bat;asm</Extensions>
    </Filter>
    <Filter Include="Controls\Header Files">
      <UniqueIdentifier>{ebf894bd-e6d7-485d-a020-d3ef3fb41bec}</UniqueIdentifier>
      <Extensions>h;hpp;hxx;hm;inl;inc</Extensions>
    </Filter>
    <Filter Include="System">
      <UniqueIdentifier>{8763d39d-a6a6-4564-aa5a-50a9ca237452}</UniqueIdentifier>
    </Filter>
    <Filter Include="System\Source Files">
      <UniqueIdentifier>{9d33e3fa-3bc4-433d-bb6a-de434fce32c1}</UniqueIdentifier>
      <Extensions>cpp;c;cxx;def;odl;idl;hpj;bat;asm</Extensions>
    </Filter>
    <Filter Include="System\Source Files\XML">
      <UniqueIdentifier>{52bc8eb2-e7d5-4b8e-9503-7a7389b81bd9}</UniqueIdentifier>
    </Filter>
    <Filter Include="System\Source Files\XML\Source Files">
      <UniqueIdentifier>{60a26dff-d4ed-4e05-88b1-69dad2f9f062}</UniqueIdentifier>
      <Extensions>cpp;c;cxx;def;odl;idl;hpj;bat;asm</Extensions>
    </Filter>
    <Filter Include="System\Source Files\XML\Header Files">
      <UniqueIdentifier>{381c6f7b-c8a4-4b71-b457-db8dabc9c0ef}</UniqueIdentifier>
      <Extensions>h;hpp;hxx;hm;inl;inc</Extensions>
    </Filter>
    <Filter Include="System\Header Files">
      <UniqueIdentifier>{93e7e6f4-5d86-44ec-b55a-8336e9dbaa8a}</UniqueIdentifier>
      <Extensions>h;hpp;hxx;hm;inl;inc</Extensions>
    </Filter>
    <Filter Include="Main">
      <UniqueIdentifier>{6b5e81e8-6ec2-4872-8e19-0212bc3be071}</UniqueIdentifier>
    </Filter>
    <Filter Include="Main\Source Files">
      <UniqueIdentifier>{d98cf076-89b3-46ca-be85-24d58e8a0317}</UniqueIdentifier>
      <Extensions>cpp;c;cxx;def;odl;idl;hpj;bat;asm</Extensions>
    </Filter>
    <Filter Include="Main\Header Files">
      <UniqueIdentifier>{c1f30bb2-c0d1-4939-ae61-21647997417b}</UniqueIdentifier>
      <Extensions>h;hpp;hxx;hm;inl;inc</Extensions>
    </Filter>
    <Filter Include="Accessories">
      <UniqueIdentifier>{681642c0-467a-4bb8-a0c6-6893cf2b61be}</UniqueIdentifier>
    </Filter>
    <Filter Include="Accessories\Source Files">
      <UniqueIdentifier>{9cf6bd24-f42e-47bd-8d45-ad59bde32f1a}</UniqueIdentifier>
      <Extensions>cpp;c;cxx;def;odl;idl;hpj;bat;asm</Extensions>
    </Filter>
    <Filter Include="Accessories\Header Files">
      <UniqueIdentifier>{77d82d05-8de3-4be1-a6af-758acc0607de}</UniqueIdentifier>
      <Extensions>h;hpp;hxx;hm;inl;inc</Extensions>
    </Filter>
    <Filter Include="Accessories\Resource Files">
      <UniqueIdentifier>{e7a2eb63-fcfb-4353-b2a6-54b6b798747f}</UniqueIdentifier>
      <Extensions>rc;ico;cur;bmp;dlg;rc2;rct;bin;rgs;gif;jpg;jpeg;jpe</Extensions>
    </Filter>
    <Filter Include="Streams">
      <UniqueIdentifier>{8576af9c-236e-4eb2-9300-769123f99336}</UniqueIdentifier>
    </Filter>
    <Filter Include="Streams\Source Files">
      <UniqueIdentifier>{0829fba9-c135-4838-a303-d7e45d824840}</UniqueIdentifier>
      <Extensions>cpp;c;cxx;def;odl;idl;hpj;bat;asm</Extensions>
    </Filter>
    <Filter Include="Streams\Header Files">
      <UniqueIdentifier>{044a91e3-7438-4947-ac3e-a7877f6a3d1a}</UniqueIdentifier>
      <Extensions>h;hpp;hxx;hm;inl;inc</Extensions>
    </Filter>
    <Filter Include="Encodings">
      <UniqueIdentifier>{fe2180f4-beb3-4503-a39e-ac86a55fc8f9}</UniqueIdentifier>
    </Filter>
    <Filter Include="Encodings\Source Files">
      <UniqueIdentifier>{0ba85818-3f54-4608-b44d-0fe85b3d095a}</UniqueIdentifier>
      <Extensions>cpp;c;cxx;def;odl;idl;hpj;bat;asm</Extensions>
    </Filter>
    <Filter Include="Encodings\Header Files">
      <UniqueIdentifier>{c8c8a5ef-01bf-4faa-a741-683757295c15}</UniqueIdentifier>
      <Extensions>h;hpp;hxx;hm;inl;inc</Extensions>
    </Filter>
  </ItemGroup>
  <ItemGroup>
    <ClCompile Include="AboutDlg.cpp">
      <Filter>Dialogs\Source Files</Filter>
    </ClCompile>
    <ClCompile Include="MachineInfoDlg.cpp">
      <Filter>Dialogs\Source Files</Filter>
    </ClCompile>
    <ClCompile Include="MachineStateDlg.cpp">
      <Filter>Dialogs\Source Files</Filter>
    </ClCompile>
    <ClCompile Include="MainDlg.cpp">
      <Filter>Dialogs\Source Files</Filter>
    </ClCompile>
    <ClCompile Include="PreviewDlg.cpp">
      <Filter>Dialogs\Source Files</Filter>
    </ClCompile>
    <ClCompile Include="SendMailDlg.cpp">
      <Filter>Dialogs\Source Files</Filter>
    </ClCompile>
    <ClCompile Include="SimpleDlg.cpp">
      <Filter>Dialogs\Source Files</Filter>
    </ClCompile>
    <ClCompile Include="TransferProgressDlg.cpp">
      <Filter>Dialogs\Source Files</Filter>
    </ClCompile>
    <ClCompile Include="WaitDlg.cpp">
      <Filter>Dialogs\Source Files</Filter>
    </ClCompile>
    <ClCompile Include="ColHelper.cpp">
      <Filter>Collections\Source Files</Filter>
    </ClCompile>
    <ClCompile Include="StrHolder.cpp">
      <Filter>Collections\Source Files</Filter>
    </ClCompile>
    <ClCompile Include="HexView.cpp">
      <Filter>Controls\Source Files</Filter>
    </ClCompile>
    <ClCompile Include="HyperLink.cpp">
      <Filter>Controls\Source Files</Filter>
    </ClCompile>
    <ClCompile Include="ImageView.cpp">
      <Filter>Controls\Source Files</Filter>
    </ClCompile>
    <ClCompile Include="LayoutManager.cpp">
      <Filter>Controls\Source Files</Filter>
    </ClCompile>
    <ClCompile Include="Splitter.cpp">
      <Filter>Controls\Source Files</Filter>
    </ClCompile>
    <ClCompile Include="TextView.cpp">
      <Filter>Controls\Source Files</Filter>
    </ClCompile>
    <ClCompile Include="WaitCursor.cpp">
      <Filter>Controls\Source Files</Filter>
    </ClCompile>
    <ClCompile Include="CMapi.cpp">
      <Filter>System\Source Files</Filter>
    </ClCompile>
    <ClCompile Include="EnumProcess.cpp">
      <Filter>System\Source Files</Filter>
    </ClCompile>
    <ClCompile Include="LogFile.cpp">
      <Filter>System\Source Files</Filter>
    </ClCompile>
    <ClCompile Include="NetThunks.cpp">
      <Filter>System\Source Files</Filter>
    </ClCompile>
    <ClCompile Include="SymEngine.cpp">
      <Filter>System\Source Files</Filter>
    </ClCompile>
    <ClCompile Include="SymEngineNet.cpp">
      <Filter>System\Source Files</Filter>
    </ClCompile>
    <ClCompile Include="TextLogFile.cpp">
      <Filter>System\Source Files</Filter>
    </ClCompile>
    <ClCompile Include="XmlLogFile.cpp">
      <Filter>System\Source Files</Filter>
    </ClCompile>
    <ClCompile Include="XmlReader.cpp">
      <Filter>System\Source Files\XML\Source Files</Filter>
    </ClCompile>
    <ClCompile Include="XmlWriter.cpp">
      <Filter>System\Source Files\XML\Source Files</Filter>
    </ClCompile>
    <ClCompile Include="BugTrap.cpp">
      <Filter>Main\Source Files</Filter>
    </ClCompile>
    <ClCompile Include="BugTrapNet.cpp">
      <Filter>Main\Source Files</Filter>
    </ClCompile>
    <ClCompile Include="BugTrapUI.cpp">
      <Filter>Main\Source Files</Filter>
    </ClCompile>
    <ClCompile Include="BugTrapUtils.cpp">
      <Filter>Main\Source Files</Filter>
    </ClCompile>
    <ClCompile Include="ResManager.cpp">
      <Filter>Main\Source Files</Filter>
    </ClCompile>
    <ClCompile Include="Globals.cpp">
      <Filter>Accessories\Source Files</Filter>
    </ClCompile>
    <ClCompile Include="stdafx.cpp">
      <Filter>Accessories\Source Files</Filter>
    </ClCompile>
    <ClCompile Include="FileStream.cpp">
      <Filter>Streams\Source Files</Filter>
    </ClCompile>
    <ClCompile Include="InputStream.cpp">
      <Filter>Streams\Source Files</Filter>
    </ClCompile>
    <ClCompile Include="MemStream.cpp">
      <Filter>Streams\Source Files</Filter>
    </ClCompile>
    <ClCompile Include="OutputStream.cpp">
      <Filter>Streams\Source Files</Filter>
    </ClCompile>
    <ClCompile Include="StrStream.cpp">
      <Filter>Streams\Source Files</Filter>
    </ClCompile>
    <ClCompile Include="Encoding.cpp">
      <Filter>Encodings\Source Files</Filter>
    </ClCompile>
    <ClCompile Include="TextFormat.cpp">
      <Filter>Encodings\Source Files</Filter>
    </ClCompile>
  </ItemGroup>
  <ItemGroup>
    <ClInclude Include="AboutDlg.h">
      <Filter>Dialogs\Header Files</Filter>
    </ClInclude>
    <ClInclude Include="MachineInfoDlg.h">
      <Filter>Dialogs\Header Files</Filter>
    </ClInclude>
    <ClInclude Include="MachineStateDlg.h">
      <Filter>Dialogs\Header Files</Filter>
    </ClInclude>
    <ClInclude Include="MainDlg.h">
      <Filter>Dialogs\Header Files</Filter>
    </ClInclude>
    <ClInclude Include="PreviewDlg.h">
      <Filter>Dialogs\Header Files</Filter>
    </ClInclude>
    <ClInclude Include="SendMailDlg.h">
      <Filter>Dialogs\Header Files</Filter>
    </ClInclude>
    <ClInclude Include="SimpleDlg.h">
      <Filter>Dialogs\Header Files</Filter>
    </ClInclude>
    <ClInclude Include="TransferProgressDlg.h">
      <Filter>Dialogs\Header Files</Filter>
    </ClInclude>
    <ClInclude Include="WaitDlg.h">
      <Filter>Dialogs\Header Files</Filter>
    </ClInclude>
    <ClInclude Include="Array.h">
      <Filter>Collections\Header Files</Filter>
    </ClInclude>
    <ClInclude Include="ColHelper.h">
      <Filter>Collections\Header Files</Filter>
    </ClInclude>
    <ClInclude Include="Hash.h">
      <Filter>Collections\Header Files</Filter>
    </ClInclude>
    <ClInclude Include="InPlaceNew.h">
      <Filter>Collections\Header Files</Filter>
    </ClInclude>
    <ClInclude Include="InterfacePtr.h">
      <Filter>Collections\Header Files</Filter>
    </ClInclude>
    <ClInclude Include="List.h">
      <Filter>Collections\Header Files</Filter>
    </ClInclude>
    <ClInclude Include="SmartPtr.h">
      <Filter>Collections\Header Files</Filter>
    </ClInclude>
    <ClInclude Include="StrHolder.h">
      <Filter>Collections\Header Files</Filter>
    </ClInclude>
    <ClInclude Include="HexView.h">
      <Filter>Controls\Header Files</Filter>
    </ClInclude>
    <ClInclude Include="HyperLink.h">
      <Filter>Controls\Header Files</Filter>
    </ClInclude>
    <ClInclude Include="ImageView.h">
      <Filter>Controls\Header Files</Filter>
    </ClInclude>
    <ClInclude Include="LayoutManager.h">
      <Filter>Controls\Header Files</Filter>
    </ClInclude>
    <ClInclude Include="Splitter.h">
      <Filter>Controls\Header Files</Filter>
    </ClInclude>
    <ClInclude Include="TextView.h">
      <Filter>Controls\Header Files</Filter>
    </ClInclude>
    <ClInclude Include="WaitCursor.h">
      <Filter>Controls\Header Files</Filter>
    </ClInclude>
    <ClInclude Include="XmlReader.h">
      <Filter>System\Source Files\XML\Header Files</Filter>
    </ClInclude>
    <ClInclude Include="XmlWriter.h">
      <Filter>System\Source Files\XML\Header Files</Filter>
    </ClInclude>
    <ClInclude Include="CMapi.h">
      <Filter>System\Header Files</Filter>
    </ClInclude>
    <ClInclude Include="EnumProcess.h">
      <Filter>System\Header Files</Filter>
    </ClInclude>
    <ClInclude Include="LogFile.h">
      <Filter>System\Header Files</Filter>
    </ClInclude>
    <ClInclude Include="LogLink.h">
      <Filter>System\Header Files</Filter>
    </ClInclude>
    <ClInclude Include="NetThunks.h">
      <Filter>System\Header Files</Filter>
    </ClInclude>
    <ClInclude Include="SymEngine.h">
      <Filter>System\Header Files</Filter>
    </ClInclude>
    <ClInclude Include="SymEngineNet.h">
      <Filter>System\Header Files</Filter>
    </ClInclude>
    <ClInclude Include="TextLogFile.h">
      <Filter>System\Header Files</Filter>
    </ClInclude>
    <ClInclude Include="XmlLogFile.h">
      <Filter>System\Header Files</Filter>
    </ClInclude>
    <ClInclude Include="BTAtlWindow.h">
      <Filter>Main\Header Files</Filter>
    </ClInclude>
    <ClInclude Include="BTMfcWindow.h">
      <Filter>Main\Header Files</Filter>
    </ClInclude>
    <ClInclude Include="BTTrace.h">
      <Filter>Main\Header Files</Filter>
    </ClInclude>
    <ClInclude Include="BugTrap.h">
      <Filter>Main\Header Files</Filter>
    </ClInclude>
    <ClInclude Include="BugTrapNet.h">
      <Filter>Main\Header Files</Filter>
    </ClInclude>
    <ClInclude Include="BugTrapUI.h">
      <Filter>Main\Header Files</Filter>
    </ClInclude>
    <ClInclude Include="BugTrapUtils.h">
      <Filter>Main\Header Files</Filter>
    </ClInclude>
    <ClInclude Include="ResManager.h">
      <Filter>Main\Header Files</Filter>
    </ClInclude>
    <ClInclude Include="Globals.h">
      <Filter>Accessories\Header Files</Filter>
    </ClInclude>
    <ClInclude Include="LeakWatcher.h">
      <Filter>Accessories\Header Files</Filter>
    </ClInclude>
    <ClInclude Include="resource.h">
      <Filter>Accessories\Header Files</Filter>
    </ClInclude>
    <ClInclude Include="stdafx.h">
      <Filter>Accessories\Header Files</Filter>
    </ClInclude>
    <ClInclude Include="VersionInfo.h">
      <Filter>Accessories\Header Files</Filter>
    </ClInclude>
    <ClInclude Include="BaseStream.h">
      <Filter>Streams\Header Files</Filter>
    </ClInclude>
    <ClInclude Include="FileStream.h">
      <Filter>Streams\Header Files</Filter>
    </ClInclude>
    <ClInclude Include="InputStream.h">
      <Filter>Streams\Header Files</Filter>
    </ClInclude>
    <ClInclude Include="MemStream.h">
      <Filter>Streams\Header Files</Filter>
    </ClInclude>
    <ClInclude Include="OutputStream.h">
      <Filter>Streams\Header Files</Filter>
    </ClInclude>
    <ClInclude Include="Stream.h">
      <Filter>Streams\Header Files</Filter>
    </ClInclude>
    <ClInclude Include="StrStream.h">
      <Filter>Streams\Header Files</Filter>
    </ClInclude>
    <ClInclude Include="Encoding.h">
      <Filter>Encodings\Header Files</Filter>
    </ClInclude>
    <ClInclude Include="TextFormat.h">
      <Filter>Encodings\Header Files</Filter>
    </ClInclude>
  </ItemGroup>
  <ItemGroup>
    <Image Include="res\Bug.ico">
      <Filter>Accessories\Resource Files</Filter>
    </Image>
    <Image Include="res\CheckMark.bmp">
      <Filter>Accessories\Resource Files</Filter>
    </Image>
    <Image Include="res\ImageToolbar.bmp">
      <Filter>Accessories\Resource Files</Filter>
    </Image>
    <Image Include="res\SortArrows.bmp">
      <Filter>Accessories\Resource Files</Filter>
    </Image>
  </ItemGroup>
  <ItemGroup>
    <None Include="BugTrap.def">
      <Filter>Accessories\Resource Files</Filter>
    </None>
    <None Include="res\Upload.avi">
      <Filter>Accessories\Resource Files</Filter>
    </None>
  </ItemGroup>
  <ItemGroup>
    <ResourceCompile Include="BugTrap.rc">
      <Filter>Accessories\Resource Files</Filter>
    </ResourceCompile>
  </ItemGroup>
</Project>